// !$*UTF8*$!
{
	archiveVersion = 1;
	classes = {
	};
	objectVersion = 46;
	objects = {

/* Begin PBXBuildFile section */
		068D49461C7DAA5E00A957F5 /* main.m in Sources */ = {isa = PBXBuildFile; fileRef = 068D49451C7DAA5E00A957F5 /* main.m */; };
		068D49491C7DAA5E00A957F5 /* AppDelegate.m in Sources */ = {isa = PBXBuildFile; fileRef = 068D49481C7DAA5E00A957F5 /* AppDelegate.m */; };
		068D494F1C7DAA5E00A957F5 /* Main.storyboard in Resources */ = {isa = PBXBuildFile; fileRef = 068D494D1C7DAA5E00A957F5 /* Main.storyboard */; };
		068D49511C7DAA5E00A957F5 /* Assets.xcassets in Resources */ = {isa = PBXBuildFile; fileRef = 068D49501C7DAA5E00A957F5 /* Assets.xcassets */; };
		068D49541C7DAA5E00A957F5 /* LaunchScreen.storyboard in Resources */ = {isa = PBXBuildFile; fileRef = 068D49521C7DAA5E00A957F5 /* LaunchScreen.storyboard */; };
		068D495F1C7DAA5E00A957F5 /* UnitTestDemoTests.m in Sources */ = {isa = PBXBuildFile; fileRef = 068D495E1C7DAA5E00A957F5 /* UnitTestDemoTests.m */; };
		068D496E1C7DAEDE00A957F5 /* TableDataSource.m in Sources */ = {isa = PBXBuildFile; fileRef = 068D496B1C7DAEDE00A957F5 /* TableDataSource.m */; };
		068D496F1C7DAEDE00A957F5 /* TableViewController.m in Sources */ = {isa = PBXBuildFile; fileRef = 068D496D1C7DAEDE00A957F5 /* TableViewController.m */; };
		068D49BC1C7E1F1E00A957F5 /* UnitTestDemo1Tests.m in Sources */ = {isa = PBXBuildFile; fileRef = 068D49BB1C7E1F1E00A957F5 /* UnitTestDemo1Tests.m */; };
		068D49C51C7E1F3500A957F5 /* DataModel.m in Sources */ = {isa = PBXBuildFile; fileRef = 068D49C41C7E1F3500A957F5 /* DataModel.m */; };
		068D49CB1C7E228800A957F5 /* UIImage+Scale.m in Sources */ = {isa = PBXBuildFile; fileRef = 068D49CA1C7E228800A957F5 /* UIImage+Scale.m */; };
		17B990E33D978E6E12F485F9 /* libPods.a in Frameworks */ = {isa = PBXBuildFile; fileRef = 568F4B8633028432B82B7B9B /* libPods.a */; };
/* End PBXBuildFile section */

/* Begin PBXContainerItemProxy section */
		068D495B1C7DAA5E00A957F5 /* PBXContainerItemProxy */ = {
			isa = PBXContainerItemProxy;
			containerPortal = 068D49391C7DAA5E00A957F5 /* Project object */;
			proxyType = 1;
			remoteGlobalIDString = 068D49401C7DAA5E00A957F5;
			remoteInfo = UnitTestDemo;
		};
		068D49BE1C7E1F1E00A957F5 /* PBXContainerItemProxy */ = {
			isa = PBXContainerItemProxy;
			containerPortal = 068D49391C7DAA5E00A957F5 /* Project object */;
			proxyType = 1;
			remoteGlobalIDString = 068D49401C7DAA5E00A957F5;
			remoteInfo = UnitTestDemo;
		};
/* End PBXContainerItemProxy section */

/* Begin PBXFileReference section */
		068D49411C7DAA5E00A957F5 /* UnitTestDemo.app */ = {isa = PBXFileReference; explicitFileType = wrapper.application; includeInIndex = 0; path = UnitTestDemo.app; sourceTree = BUILT_PRODUCTS_DIR; };
		068D49451C7DAA5E00A957F5 /* main.m */ = {isa = PBXFileReference; lastKnownFileType = sourcecode.c.objc; path = main.m; sourceTree = "<group>"; };
		068D49471C7DAA5E00A957F5 /* AppDelegate.h */ = {isa = PBXFileReference; lastKnownFileType = sourcecode.c.h; path = AppDelegate.h; sourceTree = "<group>"; };
		068D49481C7DAA5E00A957F5 /* AppDelegate.m */ = {isa = PBXFileReference; lastKnownFileType = sourcecode.c.objc; path = AppDelegate.m; sourceTree = "<group>"; };
		068D494E1C7DAA5E00A957F5 /* Base */ = {isa = PBXFileReference; lastKnownFileType = file.storyboard; name = Base; path = Base.lproj/Main.storyboard; sourceTree = "<group>"; };
		068D49501C7DAA5E00A957F5 /* Assets.xcassets */ = {isa = PBXFileReference; lastKnownFileType = folder.assetcatalog; path = Assets.xcassets; sourceTree = "<group>"; };
		068D49531C7DAA5E00A957F5 /* Base */ = {isa = PBXFileReference; lastKnownFileType = file.storyboard; name = Base; path = Base.lproj/LaunchScreen.storyboard; sourceTree = "<group>"; };
		068D49551C7DAA5E00A957F5 /* Info.plist */ = {isa = PBXFileReference; lastKnownFileType = text.plist.xml; path = Info.plist; sourceTree = "<group>"; };
		068D495A1C7DAA5E00A957F5 /* UnitTestDemoTests.xctest */ = {isa = PBXFileReference; explicitFileType = wrapper.cfbundle; includeInIndex = 0; path = UnitTestDemoTests.xctest; sourceTree = BUILT_PRODUCTS_DIR; };
		068D495E1C7DAA5E00A957F5 /* UnitTestDemoTests.m */ = {isa = PBXFileReference; lastKnownFileType = sourcecode.c.objc; path = UnitTestDemoTests.m; sourceTree = "<group>"; };
		068D49601C7DAA5E00A957F5 /* Info.plist */ = {isa = PBXFileReference; lastKnownFileType = text.plist.xml; path = Info.plist; sourceTree = "<group>"; };
		068D496A1C7DAEDE00A957F5 /* TableDataSource.h */ = {isa = PBXFileReference; fileEncoding = 4; lastKnownFileType = sourcecode.c.h; path = TableDataSource.h; sourceTree = "<group>"; };
		068D496B1C7DAEDE00A957F5 /* TableDataSource.m */ = {isa = PBXFileReference; fileEncoding = 4; lastKnownFileType = sourcecode.c.objc; path = TableDataSource.m; sourceTree = "<group>"; };
		068D496C1C7DAEDE00A957F5 /* TableViewController.h */ = {isa = PBXFileReference; fileEncoding = 4; lastKnownFileType = sourcecode.c.h; path = TableViewController.h; sourceTree = "<group>"; };
		068D496D1C7DAEDE00A957F5 /* TableViewController.m */ = {isa = PBXFileReference; fileEncoding = 4; lastKnownFileType = sourcecode.c.objc; path = TableViewController.m; sourceTree = "<group>"; };
		068D49B91C7E1F1E00A957F5 /* UnitTestDemo1Tests.xctest */ = {isa = PBXFileReference; explicitFileType = wrapper.cfbundle; includeInIndex = 0; path = UnitTestDemo1Tests.xctest; sourceTree = BUILT_PRODUCTS_DIR; };
		068D49BB1C7E1F1E00A957F5 /* UnitTestDemo1Tests.m */ = {isa = PBXFileReference; lastKnownFileType = sourcecode.c.objc; path = UnitTestDemo1Tests.m; sourceTree = "<group>"; };
		068D49BD1C7E1F1E00A957F5 /* Info.plist */ = {isa = PBXFileReference; lastKnownFileType = text.plist.xml; path = Info.plist; sourceTree = "<group>"; };
		068D49C31C7E1F3500A957F5 /* DataModel.h */ = {isa = PBXFileReference; fileEncoding = 4; lastKnownFileType = sourcecode.c.h; path = DataModel.h; sourceTree = "<group>"; };
		068D49C41C7E1F3500A957F5 /* DataModel.m */ = {isa = PBXFileReference; fileEncoding = 4; lastKnownFileType = sourcecode.c.objc; path = DataModel.m; sourceTree = "<group>"; };
		068D49C91C7E228800A957F5 /* UIImage+Scale.h */ = {isa = PBXFileReference; fileEncoding = 4; lastKnownFileType = sourcecode.c.h; path = "UIImage+Scale.h"; sourceTree = "<group>"; };
		068D49CA1C7E228800A957F5 /* UIImage+Scale.m */ = {isa = PBXFileReference; fileEncoding = 4; lastKnownFileType = sourcecode.c.objc; path = "UIImage+Scale.m"; sourceTree = "<group>"; };
		568F4B8633028432B82B7B9B /* libPods.a */ = {isa = PBXFileReference; explicitFileType = archive.ar; includeInIndex = 0; path = libPods.a; sourceTree = BUILT_PRODUCTS_DIR; };
		9E03BFE66AEF5F5784BA763E /* Pods.release.xcconfig */ = {isa = PBXFileReference; includeInIndex = 1; lastKnownFileType = text.xcconfig; name = Pods.release.xcconfig; path = "Pods/Target Support Files/Pods/Pods.release.xcconfig"; sourceTree = "<group>"; };
		B2D36DCDE32FF91577FF204E /* Pods.debug.xcconfig */ = {isa = PBXFileReference; includeInIndex = 1; lastKnownFileType = text.xcconfig; name = Pods.debug.xcconfig; path = "Pods/Target Support Files/Pods/Pods.debug.xcconfig"; sourceTree = "<group>"; };
/* End PBXFileReference section */

/* Begin PBXFrameworksBuildPhase section */
		068D493E1C7DAA5E00A957F5 /* Frameworks */ = {
			isa = PBXFrameworksBuildPhase;
			buildActionMask = 2147483647;
			files = (
				17B990E33D978E6E12F485F9 /* libPods.a in Frameworks */,
			);
			runOnlyForDeploymentPostprocessing = 0;
		};
		068D49571C7DAA5E00A957F5 /* Frameworks */ = {
			isa = PBXFrameworksBuildPhase;
			buildActionMask = 2147483647;
			files = (
			);
			runOnlyForDeploymentPostprocessing = 0;
		};
		068D49B61C7E1F1E00A957F5 /* Frameworks */ = {
			isa = PBXFrameworksBuildPhase;
			buildActionMask = 2147483647;
			files = (
			);
			runOnlyForDeploymentPostprocessing = 0;
		};
/* End PBXFrameworksBuildPhase section */

/* Begin PBXGroup section */
		068D49381C7DAA5E00A957F5 = {
			isa = PBXGroup;
			children = (
				068D49431C7DAA5E00A957F5 /* UnitTestDemo */,
				068D495D1C7DAA5E00A957F5 /* UnitTestDemoTests */,
				068D49BA1C7E1F1E00A957F5 /* UnitTestDemo1Tests */,
				068D49421C7DAA5E00A957F5 /* Products */,
				F428F5678712936162EB4F33 /* Pods */,
				DA7AA9CAEA6535325633BD6D /* Frameworks */,
			);
			sourceTree = "<group>";
		};
		068D49421C7DAA5E00A957F5 /* Products */ = {
			isa = PBXGroup;
			children = (
				068D49411C7DAA5E00A957F5 /* UnitTestDemo.app */,
				068D495A1C7DAA5E00A957F5 /* UnitTestDemoTests.xctest */,
				068D49B91C7E1F1E00A957F5 /* UnitTestDemo1Tests.xctest */,
			);
			name = Products;
			sourceTree = "<group>";
		};
		068D49431C7DAA5E00A957F5 /* UnitTestDemo */ = {
			isa = PBXGroup;
			children = (
				068D49691C7DAEC400A957F5 /* XCTest */,
				068D49471C7DAA5E00A957F5 /* AppDelegate.h */,
				068D49481C7DAA5E00A957F5 /* AppDelegate.m */,
				068D494D1C7DAA5E00A957F5 /* Main.storyboard */,
				068D49501C7DAA5E00A957F5 /* Assets.xcassets */,
				068D49521C7DAA5E00A957F5 /* LaunchScreen.storyboard */,
				068D49551C7DAA5E00A957F5 /* Info.plist */,
				068D49441C7DAA5E00A957F5 /* Supporting Files */,
			);
			path = UnitTestDemo;
			sourceTree = "<group>";
		};
		068D49441C7DAA5E00A957F5 /* Supporting Files */ = {
			isa = PBXGroup;
			children = (
				068D49451C7DAA5E00A957F5 /* main.m */,
			);
			name = "Supporting Files";
			sourceTree = "<group>";
		};
		068D495D1C7DAA5E00A957F5 /* UnitTestDemoTests */ = {
			isa = PBXGroup;
			children = (
				068D495E1C7DAA5E00A957F5 /* UnitTestDemoTests.m */,
				068D49601C7DAA5E00A957F5 /* Info.plist */,
			);
			path = UnitTestDemoTests;
			sourceTree = "<group>";
		};
		068D49691C7DAEC400A957F5 /* XCTest */ = {
			isa = PBXGroup;
			children = (
				068D496A1C7DAEDE00A957F5 /* TableDataSource.h */,
				068D496B1C7DAEDE00A957F5 /* TableDataSource.m */,
				068D496C1C7DAEDE00A957F5 /* TableViewController.h */,
				068D496D1C7DAEDE00A957F5 /* TableViewController.m */,
				068D49C31C7E1F3500A957F5 /* DataModel.h */,
				068D49C41C7E1F3500A957F5 /* DataModel.m */,
				068D49C91C7E228800A957F5 /* UIImage+Scale.h */,
				068D49CA1C7E228800A957F5 /* UIImage+Scale.m */,
			);
			path = XCTest;
			sourceTree = "<group>";
		};
		068D49BA1C7E1F1E00A957F5 /* UnitTestDemo1Tests */ = {
			isa = PBXGroup;
			children = (
				068D49BB1C7E1F1E00A957F5 /* UnitTestDemo1Tests.m */,
				068D49BD1C7E1F1E00A957F5 /* Info.plist */,
			);
			path = UnitTestDemo1Tests;
			sourceTree = "<group>";
		};
		DA7AA9CAEA6535325633BD6D /* Frameworks */ = {
			isa = PBXGroup;
			children = (
				568F4B8633028432B82B7B9B /* libPods.a */,
			);
			name = Frameworks;
			sourceTree = "<group>";
		};
		F428F5678712936162EB4F33 /* Pods */ = {
			isa = PBXGroup;
			children = (
				B2D36DCDE32FF91577FF204E /* Pods.debug.xcconfig */,
				9E03BFE66AEF5F5784BA763E /* Pods.release.xcconfig */,
			);
			name = Pods;
			sourceTree = "<group>";
		};
/* End PBXGroup section */

/* Begin PBXNativeTarget section */
		068D49401C7DAA5E00A957F5 /* UnitTestDemo */ = {
			isa = PBXNativeTarget;
			buildConfigurationList = 068D49631C7DAA5E00A957F5 /* Build configuration list for PBXNativeTarget "UnitTestDemo" */;
			buildPhases = (
				199E02ED677B48D350378107 /* Check Pods Manifest.lock */,
				068D493D1C7DAA5E00A957F5 /* Sources */,
				068D493E1C7DAA5E00A957F5 /* Frameworks */,
				068D493F1C7DAA5E00A957F5 /* Resources */,
				048C3C63FF16AFA2DF48E267 /* Copy Pods Resources */,
			);
			buildRules = (
			);
			dependencies = (
			);
			name = UnitTestDemo;
			productName = UnitTestDemo;
			productReference = 068D49411C7DAA5E00A957F5 /* UnitTestDemo.app */;
			productType = "com.apple.product-type.application";
		};
		068D49591C7DAA5E00A957F5 /* UnitTestDemoTests */ = {
			isa = PBXNativeTarget;
			buildConfigurationList = 068D49661C7DAA5E00A957F5 /* Build configuration list for PBXNativeTarget "UnitTestDemoTests" */;
			buildPhases = (
				068D49561C7DAA5E00A957F5 /* Sources */,
				068D49571C7DAA5E00A957F5 /* Frameworks */,
				068D49581C7DAA5E00A957F5 /* Resources */,
			);
			buildRules = (
			);
			dependencies = (
				068D495C1C7DAA5E00A957F5 /* PBXTargetDependency */,
			);
			name = UnitTestDemoTests;
			productName = UnitTestDemoTests;
			productReference = 068D495A1C7DAA5E00A957F5 /* UnitTestDemoTests.xctest */;
			productType = "com.apple.product-type.bundle.unit-test";
		};
		068D49B81C7E1F1E00A957F5 /* UnitTestDemo1Tests */ = {
			isa = PBXNativeTarget;
			buildConfigurationList = 068D49C21C7E1F1E00A957F5 /* Build configuration list for PBXNativeTarget "UnitTestDemo1Tests" */;
			buildPhases = (
				068D49B51C7E1F1E00A957F5 /* Sources */,
				068D49B61C7E1F1E00A957F5 /* Frameworks */,
				068D49B71C7E1F1E00A957F5 /* Resources */,
			);
			buildRules = (
			);
			dependencies = (
				068D49BF1C7E1F1E00A957F5 /* PBXTargetDependency */,
			);
			name = UnitTestDemo1Tests;
			productName = UnitTestDemo1Tests;
			productReference = 068D49B91C7E1F1E00A957F5 /* UnitTestDemo1Tests.xctest */;
			productType = "com.apple.product-type.bundle.unit-test";
		};
/* End PBXNativeTarget section */

/* Begin PBXProject section */
		068D49391C7DAA5E00A957F5 /* Project object */ = {
			isa = PBXProject;
			attributes = {
				LastUpgradeCheck = 0720;
				ORGANIZATIONNAME = gdy;
				TargetAttributes = {
					068D49401C7DAA5E00A957F5 = {
						CreatedOnToolsVersion = 7.2.1;
					};
					068D49591C7DAA5E00A957F5 = {
						CreatedOnToolsVersion = 7.2.1;
						TestTargetID = 068D49401C7DAA5E00A957F5;
					};
					068D49B81C7E1F1E00A957F5 = {
						CreatedOnToolsVersion = 7.2.1;
						TestTargetID = 068D49401C7DAA5E00A957F5;
					};
				};
			};
			buildConfigurationList = 068D493C1C7DAA5E00A957F5 /* Build configuration list for PBXProject "UnitTestDemo" */;
			compatibilityVersion = "Xcode 3.2";
			developmentRegion = English;
			hasScannedForEncodings = 0;
			knownRegions = (
				en,
				Base,
			);
			mainGroup = 068D49381C7DAA5E00A957F5;
			productRefGroup = 068D49421C7DAA5E00A957F5 /* Products */;
			projectDirPath = "";
			projectRoot = "";
			targets = (
				068D49401C7DAA5E00A957F5 /* UnitTestDemo */,
				068D49591C7DAA5E00A957F5 /* UnitTestDemoTests */,
				068D49B81C7E1F1E00A957F5 /* UnitTestDemo1Tests */,
			);
		};
/* End PBXProject section */

/* Begin PBXResourcesBuildPhase section */
		068D493F1C7DAA5E00A957F5 /* Resources */ = {
			isa = PBXResourcesBuildPhase;
			buildActionMask = 2147483647;
			files = (
				068D49541C7DAA5E00A957F5 /* LaunchScreen.storyboard in Resources */,
				068D49511C7DAA5E00A957F5 /* Assets.xcassets in Resources */,
				068D494F1C7DAA5E00A957F5 /* Main.storyboard in Resources */,
			);
			runOnlyForDeploymentPostprocessing = 0;
		};
		068D49581C7DAA5E00A957F5 /* Resources */ = {
			isa = PBXResourcesBuildPhase;
			buildActionMask = 2147483647;
			files = (
			);
			runOnlyForDeploymentPostprocessing = 0;
		};
		068D49B71C7E1F1E00A957F5 /* Resources */ = {
			isa = PBXResourcesBuildPhase;
			buildActionMask = 2147483647;
			files = (
			);
			runOnlyForDeploymentPostprocessing = 0;
		};
/* End PBXResourcesBuildPhase section */

/* Begin PBXShellScriptBuildPhase section */
		048C3C63FF16AFA2DF48E267 /* Copy Pods Resources */ = {
			isa = PBXShellScriptBuildPhase;
			buildActionMask = 2147483647;
			files = (
			);
			inputPaths = (
			);
			name = "Copy Pods Resources";
			outputPaths = (
			);
			runOnlyForDeploymentPostprocessing = 0;
			shellPath = /bin/sh;
			shellScript = "\"${SRCROOT}/Pods/Target Support Files/Pods/Pods-resources.sh\"\n";
			showEnvVarsInLog = 0;
		};
		199E02ED677B48D350378107 /* Check Pods Manifest.lock */ = {
			isa = PBXShellScriptBuildPhase;
			buildActionMask = 2147483647;
			files = (
			);
			inputPaths = (
			);
			name = "Check Pods Manifest.lock";
			outputPaths = (
			);
			runOnlyForDeploymentPostprocessing = 0;
			shellPath = /bin/sh;
			shellScript = "diff \"${PODS_ROOT}/../Podfile.lock\" \"${PODS_ROOT}/Manifest.lock\" > /dev/null\nif [[ $? != 0 ]] ; then\n    cat << EOM\nerror: The sandbox is not in sync with the Podfile.lock. Run 'pod install' or update your CocoaPods installation.\nEOM\n    exit 1\nfi\n";
			showEnvVarsInLog = 0;
		};
/* End PBXShellScriptBuildPhase section */

/* Begin PBXSourcesBuildPhase section */
		068D493D1C7DAA5E00A957F5 /* Sources */ = {
			isa = PBXSourcesBuildPhase;
			buildActionMask = 2147483647;
			files = (
				068D49491C7DAA5E00A957F5 /* AppDelegate.m in Sources */,
				068D49C51C7E1F3500A957F5 /* DataModel.m in Sources */,
				068D49461C7DAA5E00A957F5 /* main.m in Sources */,
				068D496F1C7DAEDE00A957F5 /* TableViewController.m in Sources */,
				068D49CB1C7E228800A957F5 /* UIImage+Scale.m in Sources */,
				068D496E1C7DAEDE00A957F5 /* TableDataSource.m in Sources */,
			);
			runOnlyForDeploymentPostprocessing = 0;
		};
		068D49561C7DAA5E00A957F5 /* Sources */ = {
			isa = PBXSourcesBuildPhase;
			buildActionMask = 2147483647;
			files = (
				068D495F1C7DAA5E00A957F5 /* UnitTestDemoTests.m in Sources */,
			);
			runOnlyForDeploymentPostprocessing = 0;
		};
		068D49B51C7E1F1E00A957F5 /* Sources */ = {
			isa = PBXSourcesBuildPhase;
			buildActionMask = 2147483647;
			files = (
				068D49BC1C7E1F1E00A957F5 /* UnitTestDemo1Tests.m in Sources */,
			);
			runOnlyForDeploymentPostprocessing = 0;
		};
/* End PBXSourcesBuildPhase section */

/* Begin PBXTargetDependency section */
		068D495C1C7DAA5E00A957F5 /* PBXTargetDependency */ = {
			isa = PBXTargetDependency;
			target = 068D49401C7DAA5E00A957F5 /* UnitTestDemo */;
			targetProxy = 068D495B1C7DAA5E00A957F5 /* PBXContainerItemProxy */;
		};
		068D49BF1C7E1F1E00A957F5 /* PBXTargetDependency */ = {
			isa = PBXTargetDependency;
			target = 068D49401C7DAA5E00A957F5 /* UnitTestDemo */;
			targetProxy = 068D49BE1C7E1F1E00A957F5 /* PBXContainerItemProxy */;
		};
/* End PBXTargetDependency section */

/* Begin PBXVariantGroup section */
		068D494D1C7DAA5E00A957F5 /* Main.storyboard */ = {
			isa = PBXVariantGroup;
			children = (
				068D494E1C7DAA5E00A957F5 /* Base */,
			);
			name = Main.storyboard;
			sourceTree = "<group>";
		};
		068D49521C7DAA5E00A957F5 /* LaunchScreen.storyboard */ = {
			isa = PBXVariantGroup;
			children = (
				068D49531C7DAA5E00A957F5 /* Base */,
			);
			name = LaunchScreen.storyboard;
			sourceTree = "<group>";
		};
/* End PBXVariantGroup section */

/* Begin XCBuildConfiguration section */
		068D49611C7DAA5E00A957F5 /* Debug */ = {
			isa = XCBuildConfiguration;
			buildSettings = {
				ALWAYS_SEARCH_USER_PATHS = NO;
				CLANG_CXX_LANGUAGE_STANDARD = "gnu++0x";
				CLANG_CXX_LIBRARY = "libc++";
				CLANG_ENABLE_MODULES = YES;
				CLANG_ENABLE_OBJC_ARC = YES;
				CLANG_WARN_BOOL_CONVERSION = YES;
				CLANG_WARN_CONSTANT_CONVERSION = YES;
				CLANG_WARN_DIRECT_OBJC_ISA_USAGE = YES_ERROR;
				CLANG_WARN_EMPTY_BODY = YES;
				CLANG_WARN_ENUM_CONVERSION = YES;
				CLANG_WARN_INT_CONVERSION = YES;
				CLANG_WARN_OBJC_ROOT_CLASS = YES_ERROR;
				CLANG_WARN_UNREACHABLE_CODE = YES;
				CLANG_WARN__DUPLICATE_METHOD_MATCH = YES;
				"CODE_SIGN_IDENTITY[sdk=iphoneos*]" = "iPhone Developer";
				COPY_PHASE_STRIP = NO;
				DEBUG_INFORMATION_FORMAT = dwarf;
				ENABLE_STRICT_OBJC_MSGSEND = YES;
				ENABLE_TESTABILITY = YES;
				GCC_C_LANGUAGE_STANDARD = gnu99;
				GCC_DYNAMIC_NO_PIC = NO;
				GCC_NO_COMMON_BLOCKS = YES;
				GCC_OPTIMIZATION_LEVEL = 0;
				GCC_PREPROCESSOR_DEFINITIONS = (
					"DEBUG=1",
					"$(inherited)",
				);
				GCC_WARN_64_TO_32_BIT_CONVERSION = YES;
				GCC_WARN_ABOUT_RETURN_TYPE = YES_ERROR;
				GCC_WARN_UNDECLARED_SELECTOR = YES;
				GCC_WARN_UNINITIALIZED_AUTOS = YES_AGGRESSIVE;
				GCC_WARN_UNUSED_FUNCTION = YES;
				GCC_WARN_UNUSED_VARIABLE = YES;
				IPHONEOS_DEPLOYMENT_TARGET = 9.2;
				MTL_ENABLE_DEBUG_INFO = YES;
				ONLY_ACTIVE_ARCH = YES;
				SDKROOT = iphoneos;
			};
			name = Debug;
		};
		068D49621C7DAA5E00A957F5 /* Release */ = {
			isa = XCBuildConfiguration;
			buildSettings = {
				ALWAYS_SEARCH_USER_PATHS = NO;
				CLANG_CXX_LANGUAGE_STANDARD = "gnu++0x";
				CLANG_CXX_LIBRARY = "libc++";
				CLANG_ENABLE_MODULES = YES;
				CLANG_ENABLE_OBJC_ARC = YES;
				CLANG_WARN_BOOL_CONVERSION = YES;
				CLANG_WARN_CONSTANT_CONVERSION = YES;
				CLANG_WARN_DIRECT_OBJC_ISA_USAGE = YES_ERROR;
				CLANG_WARN_EMPTY_BODY = YES;
				CLANG_WARN_ENUM_CONVERSION = YES;
				CLANG_WARN_INT_CONVERSION = YES;
				CLANG_WARN_OBJC_ROOT_CLASS = YES_ERROR;
				CLANG_WARN_UNREACHABLE_CODE = YES;
				CLANG_WARN__DUPLICATE_METHOD_MATCH = YES;
				"CODE_SIGN_IDENTITY[sdk=iphoneos*]" = "iPhone Developer";
				COPY_PHASE_STRIP = NO;
				DEBUG_INFORMATION_FORMAT = "dwarf-with-dsym";
				ENABLE_NS_ASSERTIONS = NO;
				ENABLE_STRICT_OBJC_MSGSEND = YES;
				GCC_C_LANGUAGE_STANDARD = gnu99;
				GCC_NO_COMMON_BLOCKS = YES;
				GCC_WARN_64_TO_32_BIT_CONVERSION = YES;
				GCC_WARN_ABOUT_RETURN_TYPE = YES_ERROR;
				GCC_WARN_UNDECLARED_SELECTOR = YES;
				GCC_WARN_UNINITIALIZED_AUTOS = YES_AGGRESSIVE;
				GCC_WARN_UNUSED_FUNCTION = YES;
				GCC_WARN_UNUSED_VARIABLE = YES;
				IPHONEOS_DEPLOYMENT_TARGET = 9.2;
				MTL_ENABLE_DEBUG_INFO = NO;
				SDKROOT = iphoneos;
				VALIDATE_PRODUCT = YES;
			};
			name = Release;
		};
		068D49641C7DAA5E00A957F5 /* Debug */ = {
			isa = XCBuildConfiguration;
			baseConfigurationReference = B2D36DCDE32FF91577FF204E /* Pods.debug.xcconfig */;
			buildSettings = {
				ASSETCATALOG_COMPILER_APPICON_NAME = AppIcon;
				INFOPLIST_FILE = UnitTestDemo/Info.plist;
				LD_RUNPATH_SEARCH_PATHS = "$(inherited) @executable_path/Frameworks";
				PRODUCT_BUNDLE_IDENTIFIER = com.gdy.UnitTestDemo;
				PRODUCT_NAME = "$(TARGET_NAME)";
			};
			name = Debug;
		};
		068D49651C7DAA5E00A957F5 /* Release */ = {
			isa = XCBuildConfiguration;
			baseConfigurationReference = 9E03BFE66AEF5F5784BA763E /* Pods.release.xcconfig */;
			buildSettings = {
				ASSETCATALOG_COMPILER_APPICON_NAME = AppIcon;
				INFOPLIST_FILE = UnitTestDemo/Info.plist;
				LD_RUNPATH_SEARCH_PATHS = "$(inherited) @executable_path/Frameworks";
				PRODUCT_BUNDLE_IDENTIFIER = com.gdy.UnitTestDemo;
				PRODUCT_NAME = "$(TARGET_NAME)";
			};
			name = Release;
		};
		068D49671C7DAA5E00A957F5 /* Debug */ = {
			isa = XCBuildConfiguration;
			buildSettings = {
				BUNDLE_LOADER = "$(TEST_HOST)";
				HEADER_SEARCH_PATHS = (
					"$(inherited)",
					"\"${PODS_ROOT}/Headers/Public\"",
					"\"${PODS_ROOT}/Headers/Public/AFNetworking\"",
					"\"${PODS_ROOT}/Headers/Public/STAlertView\"",
				);
				INFOPLIST_FILE = UnitTestDemoTests/Info.plist;
				LD_RUNPATH_SEARCH_PATHS = "$(inherited) @executable_path/Frameworks @loader_path/Frameworks";
				PODS_ROOT = "${SRCROOT}/Pods";
				PRODUCT_BUNDLE_IDENTIFIER = com.gdy.UnitTestDemoTests;
				PRODUCT_NAME = "$(TARGET_NAME)";
				TEST_HOST = "$(BUILT_PRODUCTS_DIR)/UnitTestDemo.app/UnitTestDemo";
			};
			name = Debug;
		};
		068D49681C7DAA5E00A957F5 /* Release */ = {
			isa = XCBuildConfiguration;
			buildSettings = {
				BUNDLE_LOADER = "$(TEST_HOST)";
				HEADER_SEARCH_PATHS = (
					"$(inherited)",
					"\"${PODS_ROOT}/Headers/Public\"",
					"\"${PODS_ROOT}/Headers/Public/AFNetworking\"",
					"\"${PODS_ROOT}/Headers/Public/STAlertView\"",
				);
				INFOPLIST_FILE = UnitTestDemoTests/Info.plist;
				LD_RUNPATH_SEARCH_PATHS = "$(inherited) @executable_path/Frameworks @loader_path/Frameworks";
				PODS_ROOT = "${SRCROOT}/Pods";
				PRODUCT_BUNDLE_IDENTIFIER = com.gdy.UnitTestDemoTests;
				PRODUCT_NAME = "$(TARGET_NAME)";
				TEST_HOST = "$(BUILT_PRODUCTS_DIR)/UnitTestDemo.app/UnitTestDemo";
			};
			name = Release;
		};
		068D49C01C7E1F1E00A957F5 /* Debug */ = {
			isa = XCBuildConfiguration;
			buildSettings = {
				BUNDLE_LOADER = "$(TEST_HOST)";
				INFOPLIST_FILE = UnitTestDemo1Tests/Info.plist;
				LD_RUNPATH_SEARCH_PATHS = "$(inherited) @executable_path/Frameworks @loader_path/Frameworks";
				PRODUCT_BUNDLE_IDENTIFIER = com.gdy.UnitTestDemo1Tests;
				PRODUCT_NAME = "$(TARGET_NAME)";
				TEST_HOST = "$(BUILT_PRODUCTS_DIR)/UnitTestDemo.app/UnitTestDemo";
			};
			name = Debug;
		};
		068D49C11C7E1F1E00A957F5 /* Release */ = {
			isa = XCBuildConfiguration;
			buildSettings = {
				BUNDLE_LOADER = "$(TEST_HOST)";
				INFOPLIST_FILE = UnitTestDemo1Tests/Info.plist;
				LD_RUNPATH_SEARCH_PATHS = "$(inherited) @executable_path/Frameworks @loader_path/Frameworks";
				PRODUCT_BUNDLE_IDENTIFIER = com.gdy.UnitTestDemo1Tests;
				PRODUCT_NAME = "$(TARGET_NAME)";
				TEST_HOST = "$(BUILT_PRODUCTS_DIR)/UnitTestDemo.app/UnitTestDemo";
			};
			name = Release;
		};
/* End XCBuildConfiguration section */

/* Begin XCConfigurationList section */
		068D493C1C7DAA5E00A957F5 /* Build configuration list for PBXProject "UnitTestDemo" */ = {
			isa = XCConfigurationList;
			buildConfigurations = (
				068D49611C7DAA5E00A957F5 /* Debug */,
				068D49621C7DAA5E00A957F5 /* Release */,
			);
			defaultConfigurationIsVisible = 0;
			defaultConfigurationName = Release;
		};
		068D49631C7DAA5E00A957F5 /* Build configuration list for PBXNativeTarget "UnitTestDemo" */ = {
			isa = XCConfigurationList;
			buildConfigurations = (
				068D49641C7DAA5E00A957F5 /* Debug */,
				068D49651C7DAA5E00A957F5 /* Release */,
			);
			defaultConfigurationIsVisible = 0;
			defaultConfigurationName = Release;
		};
		068D49661C7DAA5E00A957F5 /* Build configuration list for PBXNativeTarget "UnitTestDemoTests" */ = {
			isa = XCConfigurationList;
			buildConfigurations = (
				068D49671C7DAA5E00A957F5 /* Debug */,
				068D49681C7DAA5E00A957F5 /* Release */,
			);
			defaultConfigurationIsVisible = 0;
			defaultConfigurationName = Release;
		};
		068D49C21C7E1F1E00A957F5 /* Build configuration list for PBXNativeTarget "UnitTestDemo1Tests" */ = {
			isa = XCConfigurationList;
			buildConfigurations = (
				068D49C01C7E1F1E00A957F5 /* Debug */,
				068D49C11C7E1F1E00A957F5 /* Release */,
			);
			defaultConfigurationIsVisible = 0;
		};
/* End XCConfigurationList section */
	};
	rootObject = 068D49391C7DAA5E00A957F5 /* Project object */;
}
