// !$*UTF8*$!
{
	archiveVersion = 1;
	classes = {
	};
	objectVersion = 46;
	objects = {

/* Begin PBXBuildFile section */
		0688965E1C7ED7B500F3A24C /* main.m in Sources */ = {isa = PBXBuildFile; fileRef = 0688965D1C7ED7B500F3A24C /* main.m */; };
		068896611C7ED7B500F3A24C /* AppDelegate.m in Sources */ = {isa = PBXBuildFile; fileRef = 068896601C7ED7B500F3A24C /* AppDelegate.m */; };
		068896641C7ED7B500F3A24C /* ViewController.m in Sources */ = {isa = PBXBuildFile; fileRef = 068896631C7ED7B500F3A24C /* ViewController.m */; };
		068896671C7ED7B500F3A24C /* Main.storyboard in Resources */ = {isa = PBXBuildFile; fileRef = 068896651C7ED7B500F3A24C /* Main.storyboard */; };
		068896691C7ED7B500F3A24C /* Assets.xcassets in Resources */ = {isa = PBXBuildFile; fileRef = 068896681C7ED7B500F3A24C /* Assets.xcassets */; };
		0688966C1C7ED7B500F3A24C /* LaunchScreen.storyboard in Resources */ = {isa = PBXBuildFile; fileRef = 0688966A1C7ED7B500F3A24C /* LaunchScreen.storyboard */; };
		068896771C7ED7B500F3A24C /* UITestDemoUITests.m in Sources */ = {isa = PBXBuildFile; fileRef = 068896761C7ED7B500F3A24C /* UITestDemoUITests.m */; };
/* End PBXBuildFile section */

/* Begin PBXContainerItemProxy section */
		068896731C7ED7B500F3A24C /* PBXContainerItemProxy */ = {
			isa = PBXContainerItemProxy;
			containerPortal = 068896511C7ED7B400F3A24C /* Project object */;
			proxyType = 1;
			remoteGlobalIDString = 068896581C7ED7B500F3A24C;
			remoteInfo = UITestDemo;
		};
/* End PBXContainerItemProxy section */

/* Begin PBXFileReference section */
		068896591C7ED7B500F3A24C /* UITestDemo.app */ = {isa = PBXFileReference; explicitFileType = wrapper.application; includeInIndex = 0; path = UITestDemo.app; sourceTree = BUILT_PRODUCTS_DIR; };
		0688965D1C7ED7B500F3A24C /* main.m */ = {isa = PBXFileReference; lastKnownFileType = sourcecode.c.objc; path = main.m; sourceTree = "<group>"; };
		0688965F1C7ED7B500F3A24C /* AppDelegate.h */ = {isa = PBXFileReference; lastKnownFileType = sourcecode.c.h; path = AppDelegate.h; sourceTree = "<group>"; };
		068896601C7ED7B500F3A24C /* AppDelegate.m */ = {isa = PBXFileReference; lastKnownFileType = sourcecode.c.objc; path = AppDelegate.m; sourceTree = "<group>"; };
		068896621C7ED7B500F3A24C /* ViewController.h */ = {isa = PBXFileReference; lastKnownFileType = sourcecode.c.h; path = ViewController.h; sourceTree = "<group>"; };
		068896631C7ED7B500F3A24C /* ViewController.m */ = {isa = PBXFileReference; lastKnownFileType = sourcecode.c.objc; path = ViewController.m; sourceTree = "<group>"; };
		068896661C7ED7B500F3A24C /* Base */ = {isa = PBXFileReference; lastKnownFileType = file.storyboard; name = Base; path = Base.lproj/Main.storyboard; sourceTree = "<group>"; };
		068896681C7ED7B500F3A24C /* Assets.xcassets */ = {isa = PBXFileReference; lastKnownFileType = folder.assetcatalog; path = Assets.xcassets; sourceTree = "<group>"; };
		0688966B1C7ED7B500F3A24C /* Base */ = {isa = PBXFileReference; lastKnownFileType = file.storyboard; name = Base; path = Base.lproj/LaunchScreen.storyboard; sourceTree = "<group>"; };
		0688966D1C7ED7B500F3A24C /* Info.plist */ = {isa = PBXFileReference; lastKnownFileType = text.plist.xml; path = Info.plist; sourceTree = "<group>"; };
		068896721C7ED7B500F3A24C /* UITestDemoUITests.xctest */ = {isa = PBXFileReference; explicitFileType = wrapper.cfbundle; includeInIndex = 0; path = UITestDemoUITests.xctest; sourceTree = BUILT_PRODUCTS_DIR; };
		068896761C7ED7B500F3A24C /* UITestDemoUITests.m */ = {isa = PBXFileReference; lastKnownFileType = sourcecode.c.objc; path = UITestDemoUITests.m; sourceTree = "<group>"; };
		068896781C7ED7B500F3A24C /* Info.plist */ = {isa = PBXFileReference; lastKnownFileType = text.plist.xml; path = Info.plist; sourceTree = "<group>"; };
/* End PBXFileReference section */

/* Begin PBXFrameworksBuildPhase section */
		068896561C7ED7B500F3A24C /* Frameworks */ = {
			isa = PBXFrameworksBuildPhase;
			buildActionMask = 2147483647;
			files = (
			);
			runOnlyForDeploymentPostprocessing = 0;
		};
		0688966F1C7ED7B500F3A24C /* Frameworks */ = {
			isa = PBXFrameworksBuildPhase;
			buildActionMask = 2147483647;
			files = (
			);
			runOnlyForDeploymentPostprocessing = 0;
		};
/* End PBXFrameworksBuildPhase section */

/* Begin PBXGroup section */
		068896501C7ED7B400F3A24C = {
			isa = PBXGroup;
			children = (
				0688965B1C7ED7B500F3A24C /* UITestDemo */,
				068896751C7ED7B500F3A24C /* UITestDemoUITests */,
				0688965A1C7ED7B500F3A24C /* Products */,
			);
			sourceTree = "<group>";
		};
		0688965A1C7ED7B500F3A24C /* Products */ = {
			isa = PBXGroup;
			children = (
				068896591C7ED7B500F3A24C /* UITestDemo.app */,
				068896721C7ED7B500F3A24C /* UITestDemoUITests.xctest */,
			);
			name = Products;
			sourceTree = "<group>";
		};
		0688965B1C7ED7B500F3A24C /* UITestDemo */ = {
			isa = PBXGroup;
			children = (
				0688965F1C7ED7B500F3A24C /* AppDelegate.h */,
				068896601C7ED7B500F3A24C /* AppDelegate.m */,
				068896621C7ED7B500F3A24C /* ViewController.h */,
				068896631C7ED7B500F3A24C /* ViewController.m */,
				068896651C7ED7B500F3A24C /* Main.storyboard */,
				068896681C7ED7B500F3A24C /* Assets.xcassets */,
				0688966A1C7ED7B500F3A24C /* LaunchScreen.storyboard */,
				0688966D1C7ED7B500F3A24C /* Info.plist */,
				0688965C1C7ED7B500F3A24C /* Supporting Files */,
			);
			path = UITestDemo;
			sourceTree = "<group>";
		};
		0688965C1C7ED7B500F3A24C /* Supporting Files */ = {
			isa = PBXGroup;
			children = (
				0688965D1C7ED7B500F3A24C /* main.m */,
			);
			name = "Supporting Files";
			sourceTree = "<group>";
		};
		068896751C7ED7B500F3A24C /* UITestDemoUITests */ = {
			isa = PBXGroup;
			children = (
				068896761C7ED7B500F3A24C /* UITestDemoUITests.m */,
				068896781C7ED7B500F3A24C /* Info.plist */,
			);
			path = UITestDemoUITests;
			sourceTree = "<group>";
		};
/* End PBXGroup section */

/* Begin PBXNativeTarget section */
		068896581C7ED7B500F3A24C /* UITestDemo */ = {
			isa = PBXNativeTarget;
			buildConfigurationList = 0688967B1C7ED7B500F3A24C /* Build configuration list for PBXNativeTarget "UITestDemo" */;
			buildPhases = (
				068896551C7ED7B500F3A24C /* Sources */,
				068896561C7ED7B500F3A24C /* Frameworks */,
				068896571C7ED7B500F3A24C /* Resources */,
			);
			buildRules = (
			);
			dependencies = (
			);
			name = UITestDemo;
			productName = UITestDemo;
			productReference = 068896591C7ED7B500F3A24C /* UITestDemo.app */;
			productType = "com.apple.product-type.application";
		};
		068896711C7ED7B500F3A24C /* UITestDemoUITests */ = {
			isa = PBXNativeTarget;
			buildConfigurationList = 0688967E1C7ED7B500F3A24C /* Build configuration list for PBXNativeTarget "UITestDemoUITests" */;
			buildPhases = (
				0688966E1C7ED7B500F3A24C /* Sources */,
				0688966F1C7ED7B500F3A24C /* Frameworks */,
				068896701C7ED7B500F3A24C /* Resources */,
			);
			buildRules = (
			);
			dependencies = (
				068896741C7ED7B500F3A24C /* PBXTargetDependency */,
			);
			name = UITestDemoUITests;
			productName = UITestDemoUITests;
			productReference = 068896721C7ED7B500F3A24C /* UITestDemoUITests.xctest */;
			productType = "com.apple.product-type.bundle.ui-testing";
		};
/* End PBXNativeTarget section */

/* Begin PBXProject section */
		068896511C7ED7B400F3A24C /* Project object */ = {
			isa = PBXProject;
			attributes = {
				LastUpgradeCheck = 0720;
				ORGANIZATIONNAME = gdy;
				TargetAttributes = {
					068896581C7ED7B500F3A24C = {
						CreatedOnToolsVersion = 7.2.1;
					};
					068896711C7ED7B500F3A24C = {
						CreatedOnToolsVersion = 7.2.1;
						TestTargetID = 068896581C7ED7B500F3A24C;
					};
				};
			};
			buildConfigurationList = 068896541C7ED7B400F3A24C /* Build configuration list for PBXProject "UITestDemo" */;
			compatibilityVersion = "Xcode 3.2";
			developmentRegion = English;
			hasScannedForEncodings = 0;
			knownRegions = (
				en,
				Base,
			);
			mainGroup = 068896501C7ED7B400F3A24C;
			productRefGroup = 0688965A1C7ED7B500F3A24C /* Products */;
			projectDirPath = "";
			projectRoot = "";
			targets = (
				068896581C7ED7B500F3A24C /* UITestDemo */,
				068896711C7ED7B500F3A24C /* UITestDemoUITests */,
			);
		};
/* End PBXProject section */

/* Begin PBXResourcesBuildPhase section */
		068896571C7ED7B500F3A24C /* Resources */ = {
			isa = PBXResourcesBuildPhase;
			buildActionMask = 2147483647;
			files = (
				0688966C1C7ED7B500F3A24C /* LaunchScreen.storyboard in Resources */,
				068896691C7ED7B500F3A24C /* Assets.xcassets in Resources */,
				068896671C7ED7B500F3A24C /* Main.storyboard in Resources */,
			);
			runOnlyForDeploymentPostprocessing = 0;
		};
		068896701C7ED7B500F3A24C /* Resources */ = {
			isa = PBXResourcesBuildPhase;
			buildActionMask = 2147483647;
			files = (
			);
			runOnlyForDeploymentPostprocessing = 0;
		};
/* End PBXResourcesBuildPhase section */

/* Begin PBXSourcesBuildPhase section */
		068896551C7ED7B500F3A24C /* Sources */ = {
			isa = PBXSourcesBuildPhase;
			buildActionMask = 2147483647;
			files = (
				068896641C7ED7B500F3A24C /* ViewController.m in Sources */,
				068896611C7ED7B500F3A24C /* AppDelegate.m in Sources */,
				0688965E1C7ED7B500F3A24C /* main.m in Sources */,
			);
			runOnlyForDeploymentPostprocessing = 0;
		};
		0688966E1C7ED7B500F3A24C /* Sources */ = {
			isa = PBXSourcesBuildPhase;
			buildActionMask = 2147483647;
			files = (
				068896771C7ED7B500F3A24C /* UITestDemoUITests.m in Sources */,
			);
			runOnlyForDeploymentPostprocessing = 0;
		};
/* End PBXSourcesBuildPhase section */

/* Begin PBXTargetDependency section */
		068896741C7ED7B500F3A24C /* PBXTargetDependency */ = {
			isa = PBXTargetDependency;
			target = 068896581C7ED7B500F3A24C /* UITestDemo */;
			targetProxy = 068896731C7ED7B500F3A24C /* PBXContainerItemProxy */;
		};
/* End PBXTargetDependency section */

/* Begin PBXVariantGroup section */
		068896651C7ED7B500F3A24C /* Main.storyboard */ = {
			isa = PBXVariantGroup;
			children = (
				068896661C7ED7B500F3A24C /* Base */,
			);
			name = Main.storyboard;
			sourceTree = "<group>";
		};
		0688966A1C7ED7B500F3A24C /* LaunchScreen.storyboard */ = {
			isa = PBXVariantGroup;
			children = (
				0688966B1C7ED7B500F3A24C /* Base */,
			);
			name = LaunchScreen.storyboard;
			sourceTree = "<group>";
		};
/* End PBXVariantGroup section */

/* Begin XCBuildConfiguration section */
		068896791C7ED7B500F3A24C /* Debug */ = {
			isa = XCBuildConfiguration;
			buildSettings = {
				ALWAYS_SEARCH_USER_PATHS = NO;
				CLANG_CXX_LANGUAGE_STANDARD = "gnu++0x";
				CLANG_CXX_LIBRARY = "libc++";
				CLANG_ENABLE_MODULES = YES;
				CLANG_ENABLE_OBJC_ARC = YES;
				CLANG_WARN_BOOL_CONVERSION = YES;
				CLANG_WARN_CONSTANT_CONVERSION = YES;
				CLANG_WARN_DIRECT_OBJC_ISA_USAGE = YES_ERROR;
				CLANG_WARN_EMPTY_BODY = YES;
				CLANG_WARN_ENUM_CONVERSION = YES;
				CLANG_WARN_INT_CONVERSION = YES;
				CLANG_WARN_OBJC_ROOT_CLASS = YES_ERROR;
				CLANG_WARN_UNREACHABLE_CODE = YES;
				CLANG_WARN__DUPLICATE_METHOD_MATCH = YES;
				"CODE_SIGN_IDENTITY[sdk=iphoneos*]" = "iPhone Developer";
				COPY_PHASE_STRIP = NO;
				DEBUG_INFORMATION_FORMAT = dwarf;
				ENABLE_STRICT_OBJC_MSGSEND = YES;
				ENABLE_TESTABILITY = YES;
				GCC_C_LANGUAGE_STANDARD = gnu99;
				GCC_DYNAMIC_NO_PIC = NO;
				GCC_NO_COMMON_BLOCKS = YES;
				GCC_OPTIMIZATION_LEVEL = 0;
				GCC_PREPROCESSOR_DEFINITIONS = (
					"DEBUG=1",
					"$(inherited)",
				);
				GCC_WARN_64_TO_32_BIT_CONVERSION = YES;
				GCC_WARN_ABOUT_RETURN_TYPE = YES_ERROR;
				GCC_WARN_UNDECLARED_SELECTOR = YES;
				GCC_WARN_UNINITIALIZED_AUTOS = YES_AGGRESSIVE;
				GCC_WARN_UNUSED_FUNCTION = YES;
				GCC_WARN_UNUSED_VARIABLE = YES;
				IPHONEOS_DEPLOYMENT_TARGET = 9.2;
				MTL_ENABLE_DEBUG_INFO = YES;
				ONLY_ACTIVE_ARCH = YES;
				SDKROOT = iphoneos;
			};
			name = Debug;
		};
		0688967A1C7ED7B500F3A24C /* Release */ = {
			isa = XCBuildConfiguration;
			buildSettings = {
				ALWAYS_SEARCH_USER_PATHS = NO;
				CLANG_CXX_LANGUAGE_STANDARD = "gnu++0x";
				CLANG_CXX_LIBRARY = "libc++";
				CLANG_ENABLE_MODULES = YES;
				CLANG_ENABLE_OBJC_ARC = YES;
				CLANG_WARN_BOOL_CONVERSION = YES;
				CLANG_WARN_CONSTANT_CONVERSION = YES;
				CLANG_WARN_DIRECT_OBJC_ISA_USAGE = YES_ERROR;
				CLANG_WARN_EMPTY_BODY = YES;
				CLANG_WARN_ENUM_CONVERSION = YES;
				CLANG_WARN_INT_CONVERSION = YES;
				CLANG_WARN_OBJC_ROOT_CLASS = YES_ERROR;
				CLANG_WARN_UNREACHABLE_CODE = YES;
				CLANG_WARN__DUPLICATE_METHOD_MATCH = YES;
				"CODE_SIGN_IDENTITY[sdk=iphoneos*]" = "iPhone Developer";
				COPY_PHASE_STRIP = NO;
				DEBUG_INFORMATION_FORMAT = "dwarf-with-dsym";
				ENABLE_NS_ASSERTIONS = NO;
				ENABLE_STRICT_OBJC_MSGSEND = YES;
				GCC_C_LANGUAGE_STANDARD = gnu99;
				GCC_NO_COMMON_BLOCKS = YES;
				GCC_WARN_64_TO_32_BIT_CONVERSION = YES;
				GCC_WARN_ABOUT_RETURN_TYPE = YES_ERROR;
				GCC_WARN_UNDECLARED_SELECTOR = YES;
				GCC_WARN_UNINITIALIZED_AUTOS = YES_AGGRESSIVE;
				GCC_WARN_UNUSED_FUNCTION = YES;
				GCC_WARN_UNUSED_VARIABLE = YES;
				IPHONEOS_DEPLOYMENT_TARGET = 9.2;
				MTL_ENABLE_DEBUG_INFO = NO;
				SDKROOT = iphoneos;
				VALIDATE_PRODUCT = YES;
			};
			name = Release;
		};
		0688967C1C7ED7B500F3A24C /* Debug */ = {
			isa = XCBuildConfiguration;
			buildSettings = {
				ASSETCATALOG_COMPILER_APPICON_NAME = AppIcon;
				INFOPLIST_FILE = UITestDemo/Info.plist;
				LD_RUNPATH_SEARCH_PATHS = "$(inherited) @executable_path/Frameworks";
				PRODUCT_BUNDLE_IDENTIFIER = com.gdy.UITestDemo;
				PRODUCT_NAME = "$(TARGET_NAME)";
			};
			name = Debug;
		};
		0688967D1C7ED7B500F3A24C /* Release */ = {
			isa = XCBuildConfiguration;
			buildSettings = {
				ASSETCATALOG_COMPILER_APPICON_NAME = AppIcon;
				INFOPLIST_FILE = UITestDemo/Info.plist;
				LD_RUNPATH_SEARCH_PATHS = "$(inherited) @executable_path/Frameworks";
				PRODUCT_BUNDLE_IDENTIFIER = com.gdy.UITestDemo;
				PRODUCT_NAME = "$(TARGET_NAME)";
			};
			name = Release;
		};
		0688967F1C7ED7B500F3A24C /* Debug */ = {
			isa = XCBuildConfiguration;
			buildSettings = {
				INFOPLIST_FILE = UITestDemoUITests/Info.plist;
				LD_RUNPATH_SEARCH_PATHS = "$(inherited) @executable_path/Frameworks @loader_path/Frameworks";
				PRODUCT_BUNDLE_IDENTIFIER = com.gdy.UITestDemoUITests;
				PRODUCT_NAME = "$(TARGET_NAME)";
				TEST_TARGET_NAME = UITestDemo;
				USES_XCTRUNNER = YES;
			};
			name = Debug;
		};
		068896801C7ED7B500F3A24C /* Release */ = {
			isa = XCBuildConfiguration;
			buildSettings = {
				INFOPLIST_FILE = UITestDemoUITests/Info.plist;
				LD_RUNPATH_SEARCH_PATHS = "$(inherited) @executable_path/Frameworks @loader_path/Frameworks";
				PRODUCT_BUNDLE_IDENTIFIER = com.gdy.UITestDemoUITests;
				PRODUCT_NAME = "$(TARGET_NAME)";
				TEST_TARGET_NAME = UITestDemo;
				USES_XCTRUNNER = YES;
			};
			name = Release;
		};
/* End XCBuildConfiguration section */

/* Begin XCConfigurationList section */
		068896541C7ED7B400F3A24C /* Build configuration list for PBXProject "UITestDemo" */ = {
			isa = XCConfigurationList;
			buildConfigurations = (
				068896791C7ED7B500F3A24C /* Debug */,
				0688967A1C7ED7B500F3A24C /* Release */,
			);
			defaultConfigurationIsVisible = 0;
			defaultConfigurationName = Release;
		};
		0688967B1C7ED7B500F3A24C /* Build configuration list for PBXNativeTarget "UITestDemo" */ = {
			isa = XCConfigurationList;
			buildConfigurations = (
				0688967C1C7ED7B500F3A24C /* Debug */,
				0688967D1C7ED7B500F3A24C /* Release */,
			);
			defaultConfigurationIsVisible = 0;
		};
		0688967E1C7ED7B500F3A24C /* Build configuration list for PBXNativeTarget "UITestDemoUITests" */ = {
			isa = XCConfigurationList;
			buildConfigurations = (
				0688967F1C7ED7B500F3A24C /* Debug */,
				068896801C7ED7B500F3A24C /* Release */,
			);
			defaultConfigurationIsVisible = 0;
		};
/* End XCConfigurationList section */
	};
	rootObject = 068896511C7ED7B400F3A24C /* Project object */;
}
