// !$*UTF8*$!
{
	archiveVersion = 1;
	classes = {
	};
	objectVersion = 46;
	objects = {

/* Begin PBXBuildFile section */
		1842074A1D226D5A004AA488 /* Student.m in Sources */ = {isa = PBXBuildFile; fileRef = 184207491D226D5A004AA488 /* Student.m */; };
		1842074D1D226F44004AA488 /* Runtime.storyboard in Resources */ = {isa = PBXBuildFile; fileRef = 1842074C1D226F44004AA488 /* Runtime.storyboard */; };
		184207501D227195004AA488 /* person.m in Sources */ = {isa = PBXBuildFile; fileRef = 1842074F1D227195004AA488 /* person.m */; };
		184207531D2271F4004AA488 /* person+PersonCategory.m in Sources */ = {isa = PBXBuildFile; fileRef = 184207521D2271F4004AA488 /* person+PersonCategory.m */; };
		186785071D1BA9ED009FD0A0 /* UIButton+GSbutton.m in Sources */ = {isa = PBXBuildFile; fileRef = 186785061D1BA9ED009FD0A0 /* UIButton+GSbutton.m */; };
		1867850A1D1BB61B009FD0A0 /* AppDelegate+GSCategory.m in Sources */ = {isa = PBXBuildFile; fileRef = 186785091D1BB61B009FD0A0 /* AppDelegate+GSCategory.m */; };
		186785101D1BBB81009FD0A0 /* SVProgressHUD.bundle in Resources */ = {isa = PBXBuildFile; fileRef = 1867850D1D1BBB81009FD0A0 /* SVProgressHUD.bundle */; };
		186785111D1BBB81009FD0A0 /* SVProgressHUD.m in Sources */ = {isa = PBXBuildFile; fileRef = 1867850F1D1BBB81009FD0A0 /* SVProgressHUD.m */; };
		1885B5271D1A77F1006BA774 /* CutdownViewController.m in Sources */ = {isa = PBXBuildFile; fileRef = 1885B5261D1A77F1006BA774 /* CutdownViewController.m */; };
		1885B52A1D1A83CE006BA774 /* FinishiewController.m in Sources */ = {isa = PBXBuildFile; fileRef = 1885B5291D1A83CE006BA774 /* FinishiewController.m */; };
		18EDF8991D1A6735009C7CBE /* main.m in Sources */ = {isa = PBXBuildFile; fileRef = 18EDF8981D1A6735009C7CBE /* main.m */; };
		18EDF89C1D1A6735009C7CBE /* AppDelegate.m in Sources */ = {isa = PBXBuildFile; fileRef = 18EDF89B1D1A6735009C7CBE /* AppDelegate.m */; };
		18EDF89F1D1A6735009C7CBE /* ViewController.m in Sources */ = {isa = PBXBuildFile; fileRef = 18EDF89E1D1A6735009C7CBE /* ViewController.m */; };
		18EDF8A21D1A6735009C7CBE /* Main.storyboard in Resources */ = {isa = PBXBuildFile; fileRef = 18EDF8A01D1A6735009C7CBE /* Main.storyboard */; };
		18EDF8A41D1A6735009C7CBE /* Assets.xcassets in Resources */ = {isa = PBXBuildFile; fileRef = 18EDF8A31D1A6735009C7CBE /* Assets.xcassets */; };
		18EDF8A71D1A6735009C7CBE /* LaunchScreen.storyboard in Resources */ = {isa = PBXBuildFile; fileRef = 18EDF8A51D1A6735009C7CBE /* LaunchScreen.storyboard */; };
		18EDF8B21D1A6735009C7CBE /* CountdownButtonTests.m in Sources */ = {isa = PBXBuildFile; fileRef = 18EDF8B11D1A6735009C7CBE /* CountdownButtonTests.m */; };
		18EDF8BD1D1A6735009C7CBE /* CountdownButtonUITests.m in Sources */ = {isa = PBXBuildFile; fileRef = 18EDF8BC1D1A6735009C7CBE /* CountdownButtonUITests.m */; };
		18EDF8CC1D1A67EC009C7CBE /* BaseViewController.m in Sources */ = {isa = PBXBuildFile; fileRef = 18EDF8CB1D1A67EC009C7CBE /* BaseViewController.m */; };
		18EDF8D01D1A6969009C7CBE /* LogViewController.m in Sources */ = {isa = PBXBuildFile; fileRef = 18EDF8CF1D1A6969009C7CBE /* LogViewController.m */; };
		18EDF8D41D1A6AE4009C7CBE /* HomeViewController.m in Sources */ = {isa = PBXBuildFile; fileRef = 18EDF8D31D1A6AE4009C7CBE /* HomeViewController.m */; };
		18EDF8D71D1A6B0C009C7CBE /* MeseeageViewController.m in Sources */ = {isa = PBXBuildFile; fileRef = 18EDF8D61D1A6B0C009C7CBE /* MeseeageViewController.m */; };
		18EDF8DA1D1A6B17009C7CBE /* MineViewController.m in Sources */ = {isa = PBXBuildFile; fileRef = 18EDF8D91D1A6B17009C7CBE /* MineViewController.m */; };
		18EDF8F11D1A6D6A009C7CBE /* 133A169F-406E-4422-B3E4-84AC9DE05E46.png in Resources */ = {isa = PBXBuildFile; fileRef = 18EDF8DE1D1A6D69009C7CBE /* 133A169F-406E-4422-B3E4-84AC9DE05E46.png */; };
		18EDF8F21D1A6D6A009C7CBE /* btn_comment_me_50x23@2x.png in Resources */ = {isa = PBXBuildFile; fileRef = 18EDF8DF1D1A6D69009C7CBE /* btn_comment_me_50x23@2x.png */; };
		18EDF8F31D1A6D6A009C7CBE /* btn_comment_pressed_me_50x23@2x.png in Resources */ = {isa = PBXBuildFile; fileRef = 18EDF8E01D1A6D69009C7CBE /* btn_comment_pressed_me_50x23@2x.png */; };
		18EDF8F41D1A6D6A009C7CBE /* icon_activity_57x49@2x.png in Resources */ = {isa = PBXBuildFile; fileRef = 18EDF8E11D1A6D69009C7CBE /* icon_activity_57x49@2x.png */; };
		18EDF8F51D1A6D6A009C7CBE /* icon_activity_57x49@3x.png in Resources */ = {isa = PBXBuildFile; fileRef = 18EDF8E21D1A6D69009C7CBE /* icon_activity_57x49@3x.png */; };
		18EDF8F61D1A6D6A009C7CBE /* icon_activity_pressed_57x49@2x.png in Resources */ = {isa = PBXBuildFile; fileRef = 18EDF8E31D1A6D69009C7CBE /* icon_activity_pressed_57x49@2x.png */; };
		18EDF8F71D1A6D6A009C7CBE /* icon_activity_pressed_57x49@3x.png in Resources */ = {isa = PBXBuildFile; fileRef = 18EDF8E41D1A6D69009C7CBE /* icon_activity_pressed_57x49@3x.png */; };
		18EDF8F81D1A6D6A009C7CBE /* icon_me_57x49@2x.png in Resources */ = {isa = PBXBuildFile; fileRef = 18EDF8E51D1A6D69009C7CBE /* icon_me_57x49@2x.png */; };
		18EDF8F91D1A6D6A009C7CBE /* icon_me_57x49@3x.png in Resources */ = {isa = PBXBuildFile; fileRef = 18EDF8E61D1A6D69009C7CBE /* icon_me_57x49@3x.png */; };
		18EDF8FA1D1A6D6A009C7CBE /* icon_me_pressed_57x49@2x.png in Resources */ = {isa = PBXBuildFile; fileRef = 18EDF8E71D1A6D69009C7CBE /* icon_me_pressed_57x49@2x.png */; };
		18EDF8FB1D1A6D6A009C7CBE /* icon_me_pressed_57x49@3x.png in Resources */ = {isa = PBXBuildFile; fileRef = 18EDF8E81D1A6D69009C7CBE /* icon_me_pressed_57x49@3x.png */; };
		18EDF8FC1D1A6D6A009C7CBE /* icon_route_57x49@2x.png in Resources */ = {isa = PBXBuildFile; fileRef = 18EDF8E91D1A6D69009C7CBE /* icon_route_57x49@2x.png */; };
		18EDF8FD1D1A6D6A009C7CBE /* icon_route_57x49@3x.png in Resources */ = {isa = PBXBuildFile; fileRef = 18EDF8EA1D1A6D69009C7CBE /* icon_route_57x49@3x.png */; };
		18EDF8FE1D1A6D6A009C7CBE /* icon_route_pressed_57x49@2x.png in Resources */ = {isa = PBXBuildFile; fileRef = 18EDF8EB1D1A6D69009C7CBE /* icon_route_pressed_57x49@2x.png */; };
		18EDF8FF1D1A6D6A009C7CBE /* icon_route_pressed_57x49@3x.png in Resources */ = {isa = PBXBuildFile; fileRef = 18EDF8EC1D1A6D69009C7CBE /* icon_route_pressed_57x49@3x.png */; };
		18EDF9001D1A6D6A009C7CBE /* icon_travels_57x49@2x.png in Resources */ = {isa = PBXBuildFile; fileRef = 18EDF8ED1D1A6D69009C7CBE /* icon_travels_57x49@2x.png */; };
		18EDF9011D1A6D6A009C7CBE /* icon_travels_57x49@3x.png in Resources */ = {isa = PBXBuildFile; fileRef = 18EDF8EE1D1A6D6A009C7CBE /* icon_travels_57x49@3x.png */; };
		18EDF9021D1A6D6A009C7CBE /* icon_travels_pressed_57x49@2x.png in Resources */ = {isa = PBXBuildFile; fileRef = 18EDF8EF1D1A6D6A009C7CBE /* icon_travels_pressed_57x49@2x.png */; };
		18EDF9031D1A6D6A009C7CBE /* icon_travels_pressed_57x49@3x.png in Resources */ = {isa = PBXBuildFile; fileRef = 18EDF8F01D1A6D6A009C7CBE /* icon_travels_pressed_57x49@3x.png */; };
/* End PBXBuildFile section */

/* Begin PBXContainerItemProxy section */
		18EDF8AE1D1A6735009C7CBE /* PBXContainerItemProxy */ = {
			isa = PBXContainerItemProxy;
			containerPortal = 18EDF88C1D1A6735009C7CBE /* Project object */;
			proxyType = 1;
			remoteGlobalIDString = 18EDF8931D1A6735009C7CBE;
			remoteInfo = CountdownButton;
		};
		18EDF8B91D1A6735009C7CBE /* PBXContainerItemProxy */ = {
			isa = PBXContainerItemProxy;
			containerPortal = 18EDF88C1D1A6735009C7CBE /* Project object */;
			proxyType = 1;
			remoteGlobalIDString = 18EDF8931D1A6735009C7CBE;
			remoteInfo = CountdownButton;
		};
/* End PBXContainerItemProxy section */

/* Begin PBXFileReference section */
		184207481D226D5A004AA488 /* Student.h */ = {isa = PBXFileReference; fileEncoding = 4; lastKnownFileType = sourcecode.c.h; path = Student.h; sourceTree = "<group>"; };
		184207491D226D5A004AA488 /* Student.m */ = {isa = PBXFileReference; fileEncoding = 4; lastKnownFileType = sourcecode.c.objc; path = Student.m; sourceTree = "<group>"; };
		1842074C1D226F44004AA488 /* Runtime.storyboard */ = {isa = PBXFileReference; fileEncoding = 4; lastKnownFileType = file.storyboard; path = Runtime.storyboard; sourceTree = "<group>"; };
		1842074E1D227195004AA488 /* person.h */ = {isa = PBXFileReference; fileEncoding = 4; lastKnownFileType = sourcecode.c.h; path = person.h; sourceTree = "<group>"; };
		1842074F1D227195004AA488 /* person.m */ = {isa = PBXFileReference; fileEncoding = 4; lastKnownFileType = sourcecode.c.objc; path = person.m; sourceTree = "<group>"; };
		184207511D2271F4004AA488 /* person+PersonCategory.h */ = {isa = PBXFileReference; fileEncoding = 4; lastKnownFileType = sourcecode.c.h; path = "person+PersonCategory.h"; sourceTree = "<group>"; };
		184207521D2271F4004AA488 /* person+PersonCategory.m */ = {isa = PBXFileReference; fileEncoding = 4; lastKnownFileType = sourcecode.c.objc; path = "person+PersonCategory.m"; sourceTree = "<group>"; };
		186785051D1BA9ED009FD0A0 /* UIButton+GSbutton.h */ = {isa = PBXFileReference; fileEncoding = 4; lastKnownFileType = sourcecode.c.h; path = "UIButton+GSbutton.h"; sourceTree = "<group>"; };
		186785061D1BA9ED009FD0A0 /* UIButton+GSbutton.m */ = {isa = PBXFileReference; fileEncoding = 4; lastKnownFileType = sourcecode.c.objc; path = "UIButton+GSbutton.m"; sourceTree = "<group>"; };
		186785081D1BB61B009FD0A0 /* AppDelegate+GSCategory.h */ = {isa = PBXFileReference; fileEncoding = 4; lastKnownFileType = sourcecode.c.h; path = "AppDelegate+GSCategory.h"; sourceTree = "<group>"; };
		186785091D1BB61B009FD0A0 /* AppDelegate+GSCategory.m */ = {isa = PBXFileReference; fileEncoding = 4; lastKnownFileType = sourcecode.c.objc; path = "AppDelegate+GSCategory.m"; sourceTree = "<group>"; };
		1867850D1D1BBB81009FD0A0 /* SVProgressHUD.bundle */ = {isa = PBXFileReference; lastKnownFileType = "wrapper.plug-in"; path = SVProgressHUD.bundle; sourceTree = "<group>"; };
		1867850E1D1BBB81009FD0A0 /* SVProgressHUD.h */ = {isa = PBXFileReference; fileEncoding = 4; lastKnownFileType = sourcecode.c.h; path = SVProgressHUD.h; sourceTree = "<group>"; };
		1867850F1D1BBB81009FD0A0 /* SVProgressHUD.m */ = {isa = PBXFileReference; fileEncoding = 4; lastKnownFileType = sourcecode.c.objc; path = SVProgressHUD.m; sourceTree = "<group>"; };
		1885B5251D1A77F1006BA774 /* CutdownViewController.h */ = {isa = PBXFileReference; fileEncoding = 4; lastKnownFileType = sourcecode.c.h; path = CutdownViewController.h; sourceTree = "<group>"; };
		1885B5261D1A77F1006BA774 /* CutdownViewController.m */ = {isa = PBXFileReference; fileEncoding = 4; lastKnownFileType = sourcecode.c.objc; path = CutdownViewController.m; sourceTree = "<group>"; };
		1885B5281D1A83CE006BA774 /* FinishiewController.h */ = {isa = PBXFileReference; fileEncoding = 4; lastKnownFileType = sourcecode.c.h; path = FinishiewController.h; sourceTree = "<group>"; };
		1885B5291D1A83CE006BA774 /* FinishiewController.m */ = {isa = PBXFileReference; fileEncoding = 4; lastKnownFileType = sourcecode.c.objc; path = FinishiewController.m; sourceTree = "<group>"; };
		18EDF8941D1A6735009C7CBE /* ToolsDemo.app */ = {isa = PBXFileReference; explicitFileType = wrapper.application; includeInIndex = 0; path = ToolsDemo.app; sourceTree = BUILT_PRODUCTS_DIR; };
		18EDF8981D1A6735009C7CBE /* main.m */ = {isa = PBXFileReference; lastKnownFileType = sourcecode.c.objc; path = main.m; sourceTree = "<group>"; };
		18EDF89A1D1A6735009C7CBE /* AppDelegate.h */ = {isa = PBXFileReference; lastKnownFileType = sourcecode.c.h; path = AppDelegate.h; sourceTree = "<group>"; };
		18EDF89B1D1A6735009C7CBE /* AppDelegate.m */ = {isa = PBXFileReference; lastKnownFileType = sourcecode.c.objc; path = AppDelegate.m; sourceTree = "<group>"; };
		18EDF89D1D1A6735009C7CBE /* ViewController.h */ = {isa = PBXFileReference; lastKnownFileType = sourcecode.c.h; path = ViewController.h; sourceTree = "<group>"; };
		18EDF89E1D1A6735009C7CBE /* ViewController.m */ = {isa = PBXFileReference; lastKnownFileType = sourcecode.c.objc; path = ViewController.m; sourceTree = "<group>"; };
		18EDF8A11D1A6735009C7CBE /* Base */ = {isa = PBXFileReference; lastKnownFileType = file.storyboard; name = Base; path = Base.lproj/Main.storyboard; sourceTree = "<group>"; };
		18EDF8A31D1A6735009C7CBE /* Assets.xcassets */ = {isa = PBXFileReference; lastKnownFileType = folder.assetcatalog; path = Assets.xcassets; sourceTree = "<group>"; };
		18EDF8A61D1A6735009C7CBE /* Base */ = {isa = PBXFileReference; lastKnownFileType = file.storyboard; name = Base; path = Base.lproj/LaunchScreen.storyboard; sourceTree = "<group>"; };
		18EDF8A81D1A6735009C7CBE /* Info.plist */ = {isa = PBXFileReference; lastKnownFileType = text.plist.xml; path = Info.plist; sourceTree = "<group>"; };
		18EDF8AD1D1A6735009C7CBE /* ToolsDemo.xctest */ = {isa = PBXFileReference; explicitFileType = wrapper.cfbundle; includeInIndex = 0; path = ToolsDemo.xctest; sourceTree = BUILT_PRODUCTS_DIR; };
		18EDF8B11D1A6735009C7CBE /* CountdownButtonTests.m */ = {isa = PBXFileReference; lastKnownFileType = sourcecode.c.objc; path = CountdownButtonTests.m; sourceTree = "<group>"; };
		18EDF8B31D1A6735009C7CBE /* Info.plist */ = {isa = PBXFileReference; lastKnownFileType = text.plist.xml; path = Info.plist; sourceTree = "<group>"; };
		18EDF8B81D1A6735009C7CBE /* ToolsDemo.xctest */ = {isa = PBXFileReference; explicitFileType = wrapper.cfbundle; includeInIndex = 0; path = ToolsDemo.xctest; sourceTree = BUILT_PRODUCTS_DIR; };
		18EDF8BC1D1A6735009C7CBE /* CountdownButtonUITests.m */ = {isa = PBXFileReference; lastKnownFileType = sourcecode.c.objc; path = CountdownButtonUITests.m; sourceTree = "<group>"; };
		18EDF8BE1D1A6735009C7CBE /* Info.plist */ = {isa = PBXFileReference; lastKnownFileType = text.plist.xml; path = Info.plist; sourceTree = "<group>"; };
		18EDF8CA1D1A67EC009C7CBE /* BaseViewController.h */ = {isa = PBXFileReference; fileEncoding = 4; lastKnownFileType = sourcecode.c.h; path = BaseViewController.h; sourceTree = "<group>"; };
		18EDF8CB1D1A67EC009C7CBE /* BaseViewController.m */ = {isa = PBXFileReference; fileEncoding = 4; lastKnownFileType = sourcecode.c.objc; path = BaseViewController.m; sourceTree = "<group>"; };
		18EDF8CE1D1A6969009C7CBE /* LogViewController.h */ = {isa = PBXFileReference; fileEncoding = 4; lastKnownFileType = sourcecode.c.h; path = LogViewController.h; sourceTree = "<group>"; };
		18EDF8CF1D1A6969009C7CBE /* LogViewController.m */ = {isa = PBXFileReference; fileEncoding = 4; lastKnownFileType = sourcecode.c.objc; path = LogViewController.m; sourceTree = "<group>"; };
		18EDF8D21D1A6AE4009C7CBE /* HomeViewController.h */ = {isa = PBXFileReference; fileEncoding = 4; lastKnownFileType = sourcecode.c.h; path = HomeViewController.h; sourceTree = "<group>"; };
		18EDF8D31D1A6AE4009C7CBE /* HomeViewController.m */ = {isa = PBXFileReference; fileEncoding = 4; lastKnownFileType = sourcecode.c.objc; path = HomeViewController.m; sourceTree = "<group>"; };
		18EDF8D51D1A6B0C009C7CBE /* MeseeageViewController.h */ = {isa = PBXFileReference; fileEncoding = 4; lastKnownFileType = sourcecode.c.h; path = MeseeageViewController.h; sourceTree = "<group>"; };
		18EDF8D61D1A6B0C009C7CBE /* MeseeageViewController.m */ = {isa = PBXFileReference; fileEncoding = 4; lastKnownFileType = sourcecode.c.objc; path = MeseeageViewController.m; sourceTree = "<group>"; };
		18EDF8D81D1A6B17009C7CBE /* MineViewController.h */ = {isa = PBXFileReference; fileEncoding = 4; lastKnownFileType = sourcecode.c.h; path = MineViewController.h; sourceTree = "<group>"; };
		18EDF8D91D1A6B17009C7CBE /* MineViewController.m */ = {isa = PBXFileReference; fileEncoding = 4; lastKnownFileType = sourcecode.c.objc; path = MineViewController.m; sourceTree = "<group>"; };
		18EDF8DE1D1A6D69009C7CBE /* 133A169F-406E-4422-B3E4-84AC9DE05E46.png */ = {isa = PBXFileReference; lastKnownFileType = image.png; path = "133A169F-406E-4422-B3E4-84AC9DE05E46.png"; sourceTree = "<group>"; };
		18EDF8DF1D1A6D69009C7CBE /* btn_comment_me_50x23@2x.png */ = {isa = PBXFileReference; lastKnownFileType = image.png; path = "btn_comment_me_50x23@2x.png"; sourceTree = "<group>"; };
		18EDF8E01D1A6D69009C7CBE /* btn_comment_pressed_me_50x23@2x.png */ = {isa = PBXFileReference; lastKnownFileType = image.png; path = "btn_comment_pressed_me_50x23@2x.png"; sourceTree = "<group>"; };
		18EDF8E11D1A6D69009C7CBE /* icon_activity_57x49@2x.png */ = {isa = PBXFileReference; lastKnownFileType = image.png; path = "icon_activity_57x49@2x.png"; sourceTree = "<group>"; };
		18EDF8E21D1A6D69009C7CBE /* icon_activity_57x49@3x.png */ = {isa = PBXFileReference; lastKnownFileType = image.png; path = "icon_activity_57x49@3x.png"; sourceTree = "<group>"; };
		18EDF8E31D1A6D69009C7CBE /* icon_activity_pressed_57x49@2x.png */ = {isa = PBXFileReference; lastKnownFileType = image.png; path = "icon_activity_pressed_57x49@2x.png"; sourceTree = "<group>"; };
		18EDF8E41D1A6D69009C7CBE /* icon_activity_pressed_57x49@3x.png */ = {isa = PBXFileReference; lastKnownFileType = image.png; path = "icon_activity_pressed_57x49@3x.png"; sourceTree = "<group>"; };
		18EDF8E51D1A6D69009C7CBE /* icon_me_57x49@2x.png */ = {isa = PBXFileReference; lastKnownFileType = image.png; path = "icon_me_57x49@2x.png"; sourceTree = "<group>"; };
		18EDF8E61D1A6D69009C7CBE /* icon_me_57x49@3x.png */ = {isa = PBXFileReference; lastKnownFileType = image.png; path = "icon_me_57x49@3x.png"; sourceTree = "<group>"; };
		18EDF8E71D1A6D69009C7CBE /* icon_me_pressed_57x49@2x.png */ = {isa = PBXFileReference; lastKnownFileType = image.png; path = "icon_me_pressed_57x49@2x.png"; sourceTree = "<group>"; };
		18EDF8E81D1A6D69009C7CBE /* icon_me_pressed_57x49@3x.png */ = {isa = PBXFileReference; lastKnownFileType = image.png; path = "icon_me_pressed_57x49@3x.png"; sourceTree = "<group>"; };
		18EDF8E91D1A6D69009C7CBE /* icon_route_57x49@2x.png */ = {isa = PBXFileReference; lastKnownFileType = image.png; path = "icon_route_57x49@2x.png"; sourceTree = "<group>"; };
		18EDF8EA1D1A6D69009C7CBE /* icon_route_57x49@3x.png */ = {isa = PBXFileReference; lastKnownFileType = image.png; path = "icon_route_57x49@3x.png"; sourceTree = "<group>"; };
		18EDF8EB1D1A6D69009C7CBE /* icon_route_pressed_57x49@2x.png */ = {isa = PBXFileReference; lastKnownFileType = image.png; path = "icon_route_pressed_57x49@2x.png"; sourceTree = "<group>"; };
		18EDF8EC1D1A6D69009C7CBE /* icon_route_pressed_57x49@3x.png */ = {isa = PBXFileReference; lastKnownFileType = image.png; path = "icon_route_pressed_57x49@3x.png"; sourceTree = "<group>"; };
		18EDF8ED1D1A6D69009C7CBE /* icon_travels_57x49@2x.png */ = {isa = PBXFileReference; lastKnownFileType = image.png; path = "icon_travels_57x49@2x.png"; sourceTree = "<group>"; };
		18EDF8EE1D1A6D6A009C7CBE /* icon_travels_57x49@3x.png */ = {isa = PBXFileReference; lastKnownFileType = image.png; path = "icon_travels_57x49@3x.png"; sourceTree = "<group>"; };
		18EDF8EF1D1A6D6A009C7CBE /* icon_travels_pressed_57x49@2x.png */ = {isa = PBXFileReference; lastKnownFileType = image.png; path = "icon_travels_pressed_57x49@2x.png"; sourceTree = "<group>"; };
		18EDF8F01D1A6D6A009C7CBE /* icon_travels_pressed_57x49@3x.png */ = {isa = PBXFileReference; lastKnownFileType = image.png; path = "icon_travels_pressed_57x49@3x.png"; sourceTree = "<group>"; };
/* End PBXFileReference section */

/* Begin PBXFrameworksBuildPhase section */
		18EDF8911D1A6735009C7CBE /* Frameworks */ = {
			isa = PBXFrameworksBuildPhase;
			buildActionMask = 2147483647;
			files = (
			);
			runOnlyForDeploymentPostprocessing = 0;
		};
		18EDF8AA1D1A6735009C7CBE /* Frameworks */ = {
			isa = PBXFrameworksBuildPhase;
			buildActionMask = 2147483647;
			files = (
			);
			runOnlyForDeploymentPostprocessing = 0;
		};
		18EDF8B51D1A6735009C7CBE /* Frameworks */ = {
			isa = PBXFrameworksBuildPhase;
			buildActionMask = 2147483647;
			files = (
			);
			runOnlyForDeploymentPostprocessing = 0;
		};
/* End PBXFrameworksBuildPhase section */

/* Begin PBXGroup section */
		184207471D226D2E004AA488 /* KVC KVO辅助类 */ = {
			isa = PBXGroup;
			children = (
				184207481D226D5A004AA488 /* Student.h */,
				184207491D226D5A004AA488 /* Student.m */,
			);
			name = "KVC KVO辅助类";
			sourceTree = "<group>";
		};
		1842074B1D226EED004AA488 /* runtime 相关 */ = {
			isa = PBXGroup;
			children = (
				1842074C1D226F44004AA488 /* Runtime.storyboard */,
				1842074E1D227195004AA488 /* person.h */,
				1842074F1D227195004AA488 /* person.m */,
				184207511D2271F4004AA488 /* person+PersonCategory.h */,
				184207521D2271F4004AA488 /* person+PersonCategory.m */,
			);
			name = "runtime 相关";
			sourceTree = "<group>";
		};
		186785031D1BA92E009FD0A0 /* Category(分类) */ = {
			isa = PBXGroup;
			children = (
				186785051D1BA9ED009FD0A0 /* UIButton+GSbutton.h */,
				186785061D1BA9ED009FD0A0 /* UIButton+GSbutton.m */,
				186785081D1BB61B009FD0A0 /* AppDelegate+GSCategory.h */,
				186785091D1BB61B009FD0A0 /* AppDelegate+GSCategory.m */,
			);
			name = "Category(分类)";
			sourceTree = "<group>";
		};
		186785041D1BA956009FD0A0 /* Tooles(工具类) */ = {
			isa = PBXGroup;
			children = (
				186785031D1BA92E009FD0A0 /* Category(分类) */,
			);
			name = "Tooles(工具类)";
			sourceTree = "<group>";
		};
		1867850B1D1BBB76009FD0A0 /* 三方库 */ = {
			isa = PBXGroup;
			children = (
				1867850C1D1BBB81009FD0A0 /* SVProgressHUD */,
			);
			name = "三方库";
			sourceTree = "<group>";
		};
		1867850C1D1BBB81009FD0A0 /* SVProgressHUD */ = {
			isa = PBXGroup;
			children = (
				1867850D1D1BBB81009FD0A0 /* SVProgressHUD.bundle */,
				1867850E1D1BBB81009FD0A0 /* SVProgressHUD.h */,
				1867850F1D1BBB81009FD0A0 /* SVProgressHUD.m */,
			);
			path = SVProgressHUD;
			sourceTree = "<group>";
		};
		1885B5231D1A7256006BA774 /* Base(基页面) */ = {
			isa = PBXGroup;
			children = (
				18EDF8CA1D1A67EC009C7CBE /* BaseViewController.h */,
				18EDF8CB1D1A67EC009C7CBE /* BaseViewController.m */,
			);
			name = "Base(基页面)";
			sourceTree = "<group>";
		};
		1885B5241D1A77CB006BA774 /* CutdownViewcontroller(倒计时按钮) */ = {
			isa = PBXGroup;
			children = (
				1885B5251D1A77F1006BA774 /* CutdownViewController.h */,
				1885B5261D1A77F1006BA774 /* CutdownViewController.m */,
				1885B5281D1A83CE006BA774 /* FinishiewController.h */,
				1885B5291D1A83CE006BA774 /* FinishiewController.m */,
			);
			name = "CutdownViewcontroller(倒计时按钮)";
			sourceTree = "<group>";
		};
		18EDF88B1D1A6735009C7CBE = {
			isa = PBXGroup;
			children = (
				18EDF8961D1A6735009C7CBE /* ToolsDemo */,
				18EDF8B01D1A6735009C7CBE /* CountdownButtonTests */,
				18EDF8BB1D1A6735009C7CBE /* CountdownButtonUITests */,
				18EDF8951D1A6735009C7CBE /* Products */,
			);
			sourceTree = "<group>";
		};
		18EDF8951D1A6735009C7CBE /* Products */ = {
			isa = PBXGroup;
			children = (
				18EDF8941D1A6735009C7CBE /* ToolsDemo.app */,
				18EDF8AD1D1A6735009C7CBE /* ToolsDemo.xctest */,
				18EDF8B81D1A6735009C7CBE /* ToolsDemo.xctest */,
			);
			name = Products;
			sourceTree = "<group>";
		};
		18EDF8961D1A6735009C7CBE /* ToolsDemo */ = {
			isa = PBXGroup;
			children = (
				1867850B1D1BBB76009FD0A0 /* 三方库 */,
				186785041D1BA956009FD0A0 /* Tooles(工具类) */,
				18EDF8DC1D1A6B37009C7CBE /* Source */,
				18EDF89A1D1A6735009C7CBE /* AppDelegate.h */,
				18EDF89B1D1A6735009C7CBE /* AppDelegate.m */,
				18EDF89D1D1A6735009C7CBE /* ViewController.h */,
				18EDF89E1D1A6735009C7CBE /* ViewController.m */,
				1842074B1D226EED004AA488 /* runtime 相关 */,
				184207471D226D2E004AA488 /* KVC KVO辅助类 */,
				1885B5241D1A77CB006BA774 /* CutdownViewcontroller(倒计时按钮) */,
				1885B5231D1A7256006BA774 /* Base(基页面) */,
				18EDF8D11D1A6A9D009C7CBE /* Controllers(tabbar页面) */,
				18EDF8CD1D1A6949009C7CBE /* Login */,
				18EDF8A01D1A6735009C7CBE /* Main.storyboard */,
				18EDF8A31D1A6735009C7CBE /* Assets.xcassets */,
				18EDF8A51D1A6735009C7CBE /* LaunchScreen.storyboard */,
				18EDF8A81D1A6735009C7CBE /* Info.plist */,
				18EDF8971D1A6735009C7CBE /* Supporting Files */,
			);
			name = ToolsDemo;
			path = CountdownButton;
			sourceTree = "<group>";
		};
		18EDF8971D1A6735009C7CBE /* Supporting Files */ = {
			isa = PBXGroup;
			children = (
				18EDF8981D1A6735009C7CBE /* main.m */,
			);
			name = "Supporting Files";
			sourceTree = "<group>";
		};
		18EDF8B01D1A6735009C7CBE /* CountdownButtonTests */ = {
			isa = PBXGroup;
			children = (
				18EDF8B11D1A6735009C7CBE /* CountdownButtonTests.m */,
				18EDF8B31D1A6735009C7CBE /* Info.plist */,
			);
			path = CountdownButtonTests;
			sourceTree = "<group>";
		};
		18EDF8BB1D1A6735009C7CBE /* CountdownButtonUITests */ = {
			isa = PBXGroup;
			children = (
				18EDF8BC1D1A6735009C7CBE /* CountdownButtonUITests.m */,
				18EDF8BE1D1A6735009C7CBE /* Info.plist */,
			);
			path = CountdownButtonUITests;
			sourceTree = "<group>";
		};
		18EDF8CD1D1A6949009C7CBE /* Login */ = {
			isa = PBXGroup;
			children = (
				18EDF8CE1D1A6969009C7CBE /* LogViewController.h */,
				18EDF8CF1D1A6969009C7CBE /* LogViewController.m */,
			);
			name = Login;
			sourceTree = "<group>";
		};
		18EDF8D11D1A6A9D009C7CBE /* Controllers(tabbar页面) */ = {
			isa = PBXGroup;
			children = (
				18EDF8D21D1A6AE4009C7CBE /* HomeViewController.h */,
				18EDF8D31D1A6AE4009C7CBE /* HomeViewController.m */,
				18EDF8D51D1A6B0C009C7CBE /* MeseeageViewController.h */,
				18EDF8D61D1A6B0C009C7CBE /* MeseeageViewController.m */,
				18EDF8D81D1A6B17009C7CBE /* MineViewController.h */,
				18EDF8D91D1A6B17009C7CBE /* MineViewController.m */,
			);
			name = "Controllers(tabbar页面)";
			sourceTree = "<group>";
		};
		18EDF8DC1D1A6B37009C7CBE /* Source */ = {
			isa = PBXGroup;
			children = (
				18EDF8DD1D1A6D69009C7CBE /* Tabbar */,
			);
			name = Source;
			sourceTree = "<group>";
		};
		18EDF8DD1D1A6D69009C7CBE /* Tabbar */ = {
			isa = PBXGroup;
			children = (
				18EDF8DE1D1A6D69009C7CBE /* 133A169F-406E-4422-B3E4-84AC9DE05E46.png */,
				18EDF8DF1D1A6D69009C7CBE /* btn_comment_me_50x23@2x.png */,
				18EDF8E01D1A6D69009C7CBE /* btn_comment_pressed_me_50x23@2x.png */,
				18EDF8E11D1A6D69009C7CBE /* icon_activity_57x49@2x.png */,
				18EDF8E21D1A6D69009C7CBE /* icon_activity_57x49@3x.png */,
				18EDF8E31D1A6D69009C7CBE /* icon_activity_pressed_57x49@2x.png */,
				18EDF8E41D1A6D69009C7CBE /* icon_activity_pressed_57x49@3x.png */,
				18EDF8E51D1A6D69009C7CBE /* icon_me_57x49@2x.png */,
				18EDF8E61D1A6D69009C7CBE /* icon_me_57x49@3x.png */,
				18EDF8E71D1A6D69009C7CBE /* icon_me_pressed_57x49@2x.png */,
				18EDF8E81D1A6D69009C7CBE /* icon_me_pressed_57x49@3x.png */,
				18EDF8E91D1A6D69009C7CBE /* icon_route_57x49@2x.png */,
				18EDF8EA1D1A6D69009C7CBE /* icon_route_57x49@3x.png */,
				18EDF8EB1D1A6D69009C7CBE /* icon_route_pressed_57x49@2x.png */,
				18EDF8EC1D1A6D69009C7CBE /* icon_route_pressed_57x49@3x.png */,
				18EDF8ED1D1A6D69009C7CBE /* icon_travels_57x49@2x.png */,
				18EDF8EE1D1A6D6A009C7CBE /* icon_travels_57x49@3x.png */,
				18EDF8EF1D1A6D6A009C7CBE /* icon_travels_pressed_57x49@2x.png */,
				18EDF8F01D1A6D6A009C7CBE /* icon_travels_pressed_57x49@3x.png */,
			);
			path = Tabbar;
			sourceTree = "<group>";
		};
/* End PBXGroup section */

/* Begin PBXNativeTarget section */
		18EDF8931D1A6735009C7CBE /* ToolsDemo */ = {
			isa = PBXNativeTarget;
			buildConfigurationList = 18EDF8C11D1A6735009C7CBE /* Build configuration list for PBXNativeTarget "ToolsDemo" */;
			buildPhases = (
				18EDF8901D1A6735009C7CBE /* Sources */,
				18EDF8911D1A6735009C7CBE /* Frameworks */,
				18EDF8921D1A6735009C7CBE /* Resources */,
			);
			buildRules = (
			);
			dependencies = (
			);
			name = ToolsDemo;
			productName = CountdownButton;
			productReference = 18EDF8941D1A6735009C7CBE /* ToolsDemo.app */;
			productType = "com.apple.product-type.application";
		};
		18EDF8AC1D1A6735009C7CBE /* ToolsDemoTests */ = {
			isa = PBXNativeTarget;
			buildConfigurationList = 18EDF8C41D1A6735009C7CBE /* Build configuration list for PBXNativeTarget "ToolsDemoTests" */;
			buildPhases = (
				18EDF8A91D1A6735009C7CBE /* Sources */,
				18EDF8AA1D1A6735009C7CBE /* Frameworks */,
				18EDF8AB1D1A6735009C7CBE /* Resources */,
			);
			buildRules = (
			);
			dependencies = (
				18EDF8AF1D1A6735009C7CBE /* PBXTargetDependency */,
			);
			name = ToolsDemoTests;
			productName = CountdownButtonTests;
			productReference = 18EDF8AD1D1A6735009C7CBE /* ToolsDemo.xctest */;
			productType = "com.apple.product-type.bundle.unit-test";
		};
		18EDF8B71D1A6735009C7CBE /* ToolsDemoUITests */ = {
			isa = PBXNativeTarget;
			buildConfigurationList = 18EDF8C71D1A6735009C7CBE /* Build configuration list for PBXNativeTarget "ToolsDemoUITests" */;
			buildPhases = (
				18EDF8B41D1A6735009C7CBE /* Sources */,
				18EDF8B51D1A6735009C7CBE /* Frameworks */,
				18EDF8B61D1A6735009C7CBE /* Resources */,
			);
			buildRules = (
			);
			dependencies = (
				18EDF8BA1D1A6735009C7CBE /* PBXTargetDependency */,
			);
			name = ToolsDemoUITests;
			productName = CountdownButtonUITests;
			productReference = 18EDF8B81D1A6735009C7CBE /* ToolsDemo.xctest */;
			productType = "com.apple.product-type.bundle.ui-testing";
		};
/* End PBXNativeTarget section */

/* Begin PBXProject section */
		18EDF88C1D1A6735009C7CBE /* Project object */ = {
			isa = PBXProject;
			attributes = {
				LastUpgradeCheck = 0730;
				ORGANIZATIONNAME = "张国森";
				TargetAttributes = {
					18EDF8931D1A6735009C7CBE = {
						CreatedOnToolsVersion = 7.3.1;
					};
					18EDF8AC1D1A6735009C7CBE = {
						CreatedOnToolsVersion = 7.3.1;
						TestTargetID = 18EDF8931D1A6735009C7CBE;
					};
					18EDF8B71D1A6735009C7CBE = {
						CreatedOnToolsVersion = 7.3.1;
						TestTargetID = 18EDF8931D1A6735009C7CBE;
					};
				};
			};
			buildConfigurationList = 18EDF88F1D1A6735009C7CBE /* Build configuration list for PBXProject "ToolsDemo" */;
			compatibilityVersion = "Xcode 3.2";
			developmentRegion = English;
			hasScannedForEncodings = 0;
			knownRegions = (
				en,
				Base,
			);
			mainGroup = 18EDF88B1D1A6735009C7CBE;
			productRefGroup = 18EDF8951D1A6735009C7CBE /* Products */;
			projectDirPath = "";
			projectRoot = "";
			targets = (
				18EDF8931D1A6735009C7CBE /* ToolsDemo */,
				18EDF8AC1D1A6735009C7CBE /* ToolsDemoTests */,
				18EDF8B71D1A6735009C7CBE /* ToolsDemoUITests */,
			);
		};
/* End PBXProject section */

/* Begin PBXResourcesBuildPhase section */
		18EDF8921D1A6735009C7CBE /* Resources */ = {
			isa = PBXResourcesBuildPhase;
			buildActionMask = 2147483647;
			files = (
				18EDF8F91D1A6D6A009C7CBE /* icon_me_57x49@3x.png in Resources */,
				18EDF8F11D1A6D6A009C7CBE /* 133A169F-406E-4422-B3E4-84AC9DE05E46.png in Resources */,
				18EDF8F61D1A6D6A009C7CBE /* icon_activity_pressed_57x49@2x.png in Resources */,
				18EDF8FB1D1A6D6A009C7CBE /* icon_me_pressed_57x49@3x.png in Resources */,
				186785101D1BBB81009FD0A0 /* SVProgressHUD.bundle in Resources */,
				18EDF9001D1A6D6A009C7CBE /* icon_travels_57x49@2x.png in Resources */,
				18EDF8F71D1A6D6A009C7CBE /* icon_activity_pressed_57x49@3x.png in Resources */,
				18EDF8FE1D1A6D6A009C7CBE /* icon_route_pressed_57x49@2x.png in Resources */,
				18EDF8A71D1A6735009C7CBE /* LaunchScreen.storyboard in Resources */,
				18EDF9011D1A6D6A009C7CBE /* icon_travels_57x49@3x.png in Resources */,
				18EDF8FF1D1A6D6A009C7CBE /* icon_route_pressed_57x49@3x.png in Resources */,
				18EDF8F81D1A6D6A009C7CBE /* icon_me_57x49@2x.png in Resources */,
				18EDF8A41D1A6735009C7CBE /* Assets.xcassets in Resources */,
				18EDF9021D1A6D6A009C7CBE /* icon_travels_pressed_57x49@2x.png in Resources */,
				18EDF8F31D1A6D6A009C7CBE /* btn_comment_pressed_me_50x23@2x.png in Resources */,
				18EDF8FA1D1A6D6A009C7CBE /* icon_me_pressed_57x49@2x.png in Resources */,
				18EDF9031D1A6D6A009C7CBE /* icon_travels_pressed_57x49@3x.png in Resources */,
				18EDF8F21D1A6D6A009C7CBE /* btn_comment_me_50x23@2x.png in Resources */,
				18EDF8F51D1A6D6A009C7CBE /* icon_activity_57x49@3x.png in Resources */,
				18EDF8FD1D1A6D6A009C7CBE /* icon_route_57x49@3x.png in Resources */,
				18EDF8A21D1A6735009C7CBE /* Main.storyboard in Resources */,
				1842074D1D226F44004AA488 /* Runtime.storyboard in Resources */,
				18EDF8FC1D1A6D6A009C7CBE /* icon_route_57x49@2x.png in Resources */,
				18EDF8F41D1A6D6A009C7CBE /* icon_activity_57x49@2x.png in Resources */,
			);
			runOnlyForDeploymentPostprocessing = 0;
		};
		18EDF8AB1D1A6735009C7CBE /* Resources */ = {
			isa = PBXResourcesBuildPhase;
			buildActionMask = 2147483647;
			files = (
			);
			runOnlyForDeploymentPostprocessing = 0;
		};
		18EDF8B61D1A6735009C7CBE /* Resources */ = {
			isa = PBXResourcesBuildPhase;
			buildActionMask = 2147483647;
			files = (
			);
			runOnlyForDeploymentPostprocessing = 0;
		};
/* End PBXResourcesBuildPhase section */

/* Begin PBXSourcesBuildPhase section */
		18EDF8901D1A6735009C7CBE /* Sources */ = {
			isa = PBXSourcesBuildPhase;
			buildActionMask = 2147483647;
			files = (
				18EDF89F1D1A6735009C7CBE /* ViewController.m in Sources */,
				18EDF8D71D1A6B0C009C7CBE /* MeseeageViewController.m in Sources */,
				1867850A1D1BB61B009FD0A0 /* AppDelegate+GSCategory.m in Sources */,
				18EDF8D01D1A6969009C7CBE /* LogViewController.m in Sources */,
				1885B5271D1A77F1006BA774 /* CutdownViewController.m in Sources */,
				1885B52A1D1A83CE006BA774 /* FinishiewController.m in Sources */,
				18EDF8CC1D1A67EC009C7CBE /* BaseViewController.m in Sources */,
				186785071D1BA9ED009FD0A0 /* UIButton+GSbutton.m in Sources */,
				18EDF89C1D1A6735009C7CBE /* AppDelegate.m in Sources */,
				184207531D2271F4004AA488 /* person+PersonCategory.m in Sources */,
				186785111D1BBB81009FD0A0 /* SVProgressHUD.m in Sources */,
				18EDF8991D1A6735009C7CBE /* main.m in Sources */,
				184207501D227195004AA488 /* person.m in Sources */,
				1842074A1D226D5A004AA488 /* Student.m in Sources */,
				18EDF8D41D1A6AE4009C7CBE /* HomeViewController.m in Sources */,
				18EDF8DA1D1A6B17009C7CBE /* MineViewController.m in Sources */,
			);
			runOnlyForDeploymentPostprocessing = 0;
		};
		18EDF8A91D1A6735009C7CBE /* Sources */ = {
			isa = PBXSourcesBuildPhase;
			buildActionMask = 2147483647;
			files = (
				18EDF8B21D1A6735009C7CBE /* CountdownButtonTests.m in Sources */,
			);
			runOnlyForDeploymentPostprocessing = 0;
		};
		18EDF8B41D1A6735009C7CBE /* Sources */ = {
			isa = PBXSourcesBuildPhase;
			buildActionMask = 2147483647;
			files = (
				18EDF8BD1D1A6735009C7CBE /* CountdownButtonUITests.m in Sources */,
			);
			runOnlyForDeploymentPostprocessing = 0;
		};
/* End PBXSourcesBuildPhase section */

/* Begin PBXTargetDependency section */
		18EDF8AF1D1A6735009C7CBE /* PBXTargetDependency */ = {
			isa = PBXTargetDependency;
			target = 18EDF8931D1A6735009C7CBE /* ToolsDemo */;
			targetProxy = 18EDF8AE1D1A6735009C7CBE /* PBXContainerItemProxy */;
		};
		18EDF8BA1D1A6735009C7CBE /* PBXTargetDependency */ = {
			isa = PBXTargetDependency;
			target = 18EDF8931D1A6735009C7CBE /* ToolsDemo */;
			targetProxy = 18EDF8B91D1A6735009C7CBE /* PBXContainerItemProxy */;
		};
/* End PBXTargetDependency section */

/* Begin PBXVariantGroup section */
		18EDF8A01D1A6735009C7CBE /* Main.storyboard */ = {
			isa = PBXVariantGroup;
			children = (
				18EDF8A11D1A6735009C7CBE /* Base */,
			);
			name = Main.storyboard;
			sourceTree = "<group>";
		};
		18EDF8A51D1A6735009C7CBE /* LaunchScreen.storyboard */ = {
			isa = PBXVariantGroup;
			children = (
				18EDF8A61D1A6735009C7CBE /* Base */,
			);
			name = LaunchScreen.storyboard;
			sourceTree = "<group>";
		};
/* End PBXVariantGroup section */

/* Begin XCBuildConfiguration section */
		18EDF8BF1D1A6735009C7CBE /* Debug */ = {
			isa = XCBuildConfiguration;
			buildSettings = {
				ALWAYS_SEARCH_USER_PATHS = NO;
				CLANG_ANALYZER_NONNULL = YES;
				CLANG_CXX_LANGUAGE_STANDARD = "gnu++0x";
				CLANG_CXX_LIBRARY = "libc++";
				CLANG_ENABLE_MODULES = YES;
				CLANG_ENABLE_OBJC_ARC = YES;
				CLANG_WARN_BOOL_CONVERSION = YES;
				CLANG_WARN_CONSTANT_CONVERSION = YES;
				CLANG_WARN_DIRECT_OBJC_ISA_USAGE = YES_ERROR;
				CLANG_WARN_EMPTY_BODY = YES;
				CLANG_WARN_ENUM_CONVERSION = YES;
				CLANG_WARN_INT_CONVERSION = YES;
				CLANG_WARN_OBJC_ROOT_CLASS = YES_ERROR;
				CLANG_WARN_UNREACHABLE_CODE = YES;
				CLANG_WARN__DUPLICATE_METHOD_MATCH = YES;
				"CODE_SIGN_IDENTITY[sdk=iphoneos*]" = "iPhone Developer";
				COPY_PHASE_STRIP = NO;
				DEBUG_INFORMATION_FORMAT = dwarf;
				ENABLE_STRICT_OBJC_MSGSEND = YES;
				ENABLE_TESTABILITY = YES;
				GCC_C_LANGUAGE_STANDARD = gnu99;
				GCC_DYNAMIC_NO_PIC = NO;
				GCC_NO_COMMON_BLOCKS = YES;
				GCC_OPTIMIZATION_LEVEL = 0;
				GCC_PREPROCESSOR_DEFINITIONS = (
					"DEBUG=1",
					"$(inherited)",
				);
				GCC_WARN_64_TO_32_BIT_CONVERSION = YES;
				GCC_WARN_ABOUT_RETURN_TYPE = YES_ERROR;
				GCC_WARN_UNDECLARED_SELECTOR = YES;
				GCC_WARN_UNINITIALIZED_AUTOS = YES_AGGRESSIVE;
				GCC_WARN_UNUSED_FUNCTION = YES;
				GCC_WARN_UNUSED_VARIABLE = YES;
				IPHONEOS_DEPLOYMENT_TARGET = 9.3;
				MTL_ENABLE_DEBUG_INFO = YES;
				ONLY_ACTIVE_ARCH = YES;
				SDKROOT = iphoneos;
			};
			name = Debug;
		};
		18EDF8C01D1A6735009C7CBE /* Release */ = {
			isa = XCBuildConfiguration;
			buildSettings = {
				ALWAYS_SEARCH_USER_PATHS = NO;
				CLANG_ANALYZER_NONNULL = YES;
				CLANG_CXX_LANGUAGE_STANDARD = "gnu++0x";
				CLANG_CXX_LIBRARY = "libc++";
				CLANG_ENABLE_MODULES = YES;
				CLANG_ENABLE_OBJC_ARC = YES;
				CLANG_WARN_BOOL_CONVERSION = YES;
				CLANG_WARN_CONSTANT_CONVERSION = YES;
				CLANG_WARN_DIRECT_OBJC_ISA_USAGE = YES_ERROR;
				CLANG_WARN_EMPTY_BODY = YES;
				CLANG_WARN_ENUM_CONVERSION = YES;
				CLANG_WARN_INT_CONVERSION = YES;
				CLANG_WARN_OBJC_ROOT_CLASS = YES_ERROR;
				CLANG_WARN_UNREACHABLE_CODE = YES;
				CLANG_WARN__DUPLICATE_METHOD_MATCH = YES;
				"CODE_SIGN_IDENTITY[sdk=iphoneos*]" = "iPhone Developer";
				COPY_PHASE_STRIP = NO;
				DEBUG_INFORMATION_FORMAT = "dwarf-with-dsym";
				ENABLE_NS_ASSERTIONS = NO;
				ENABLE_STRICT_OBJC_MSGSEND = YES;
				GCC_C_LANGUAGE_STANDARD = gnu99;
				GCC_NO_COMMON_BLOCKS = YES;
				GCC_WARN_64_TO_32_BIT_CONVERSION = YES;
				GCC_WARN_ABOUT_RETURN_TYPE = YES_ERROR;
				GCC_WARN_UNDECLARED_SELECTOR = YES;
				GCC_WARN_UNINITIALIZED_AUTOS = YES_AGGRESSIVE;
				GCC_WARN_UNUSED_FUNCTION = YES;
				GCC_WARN_UNUSED_VARIABLE = YES;
				IPHONEOS_DEPLOYMENT_TARGET = 9.3;
				MTL_ENABLE_DEBUG_INFO = NO;
				SDKROOT = iphoneos;
				VALIDATE_PRODUCT = YES;
			};
			name = Release;
		};
		18EDF8C21D1A6735009C7CBE /* Debug */ = {
			isa = XCBuildConfiguration;
			buildSettings = {
				ASSETCATALOG_COMPILER_APPICON_NAME = AppIcon;
				INFOPLIST_FILE = CountdownButton/Info.plist;
				LD_RUNPATH_SEARCH_PATHS = "$(inherited) @executable_path/Frameworks";
				PRODUCT_BUNDLE_IDENTIFIER = aolian.CountdownButton;
				PRODUCT_NAME = ToolsDemo;
			};
			name = Debug;
		};
		18EDF8C31D1A6735009C7CBE /* Release */ = {
			isa = XCBuildConfiguration;
			buildSettings = {
				ASSETCATALOG_COMPILER_APPICON_NAME = AppIcon;
				INFOPLIST_FILE = CountdownButton/Info.plist;
				LD_RUNPATH_SEARCH_PATHS = "$(inherited) @executable_path/Frameworks";
				PRODUCT_BUNDLE_IDENTIFIER = aolian.CountdownButton;
				PRODUCT_NAME = ToolsDemo;
			};
			name = Release;
		};
		18EDF8C51D1A6735009C7CBE /* Debug */ = {
			isa = XCBuildConfiguration;
			buildSettings = {
				BUNDLE_LOADER = "$(TEST_HOST)";
				INFOPLIST_FILE = CountdownButtonTests/Info.plist;
				LD_RUNPATH_SEARCH_PATHS = "$(inherited) @executable_path/Frameworks @loader_path/Frameworks";
				PRODUCT_BUNDLE_IDENTIFIER = aolian.CountdownButtonTests;
				PRODUCT_NAME = ToolsDemo;
				TEST_HOST = "$(BUILT_PRODUCTS_DIR)/ToolsDemo.app/ToolsDemo";
			};
			name = Debug;
		};
		18EDF8C61D1A6735009C7CBE /* Release */ = {
			isa = XCBuildConfiguration;
			buildSettings = {
				BUNDLE_LOADER = "$(TEST_HOST)";
				INFOPLIST_FILE = CountdownButtonTests/Info.plist;
				LD_RUNPATH_SEARCH_PATHS = "$(inherited) @executable_path/Frameworks @loader_path/Frameworks";
				PRODUCT_BUNDLE_IDENTIFIER = aolian.CountdownButtonTests;
				PRODUCT_NAME = ToolsDemo;
				TEST_HOST = "$(BUILT_PRODUCTS_DIR)/ToolsDemo.app/ToolsDemo";
			};
			name = Release;
		};
		18EDF8C81D1A6735009C7CBE /* Debug */ = {
			isa = XCBuildConfiguration;
			buildSettings = {
				INFOPLIST_FILE = CountdownButtonUITests/Info.plist;
				LD_RUNPATH_SEARCH_PATHS = "$(inherited) @executable_path/Frameworks @loader_path/Frameworks";
				PRODUCT_BUNDLE_IDENTIFIER = aolian.CountdownButtonUITests;
				PRODUCT_NAME = ToolsDemo;
				TEST_TARGET_NAME = CountdownButton;
			};
			name = Debug;
		};
		18EDF8C91D1A6735009C7CBE /* Release */ = {
			isa = XCBuildConfiguration;
			buildSettings = {
				INFOPLIST_FILE = CountdownButtonUITests/Info.plist;
				LD_RUNPATH_SEARCH_PATHS = "$(inherited) @executable_path/Frameworks @loader_path/Frameworks";
				PRODUCT_BUNDLE_IDENTIFIER = aolian.CountdownButtonUITests;
				PRODUCT_NAME = ToolsDemo;
				TEST_TARGET_NAME = CountdownButton;
			};
			name = Release;
		};
/* End XCBuildConfiguration section */

/* Begin XCConfigurationList section */
		18EDF88F1D1A6735009C7CBE /* Build configuration list for PBXProject "ToolsDemo" */ = {
			isa = XCConfigurationList;
			buildConfigurations = (
				18EDF8BF1D1A6735009C7CBE /* Debug */,
				18EDF8C01D1A6735009C7CBE /* Release */,
			);
			defaultConfigurationIsVisible = 0;
			defaultConfigurationName = Release;
		};
		18EDF8C11D1A6735009C7CBE /* Build configuration list for PBXNativeTarget "ToolsDemo" */ = {
			isa = XCConfigurationList;
			buildConfigurations = (
				18EDF8C21D1A6735009C7CBE /* Debug */,
				18EDF8C31D1A6735009C7CBE /* Release */,
			);
			defaultConfigurationIsVisible = 0;
			defaultConfigurationName = Release;
		};
		18EDF8C41D1A6735009C7CBE /* Build configuration list for PBXNativeTarget "ToolsDemoTests" */ = {
			isa = XCConfigurationList;
			buildConfigurations = (
				18EDF8C51D1A6735009C7CBE /* Debug */,
				18EDF8C61D1A6735009C7CBE /* Release */,
			);
			defaultConfigurationIsVisible = 0;
			defaultConfigurationName = Release;
		};
		18EDF8C71D1A6735009C7CBE /* Build configuration list for PBXNativeTarget "ToolsDemoUITests" */ = {
			isa = XCConfigurationList;
			buildConfigurations = (
				18EDF8C81D1A6735009C7CBE /* Debug */,
				18EDF8C91D1A6735009C7CBE /* Release */,
			);
			defaultConfigurationIsVisible = 0;
			defaultConfigurationName = Release;
		};
/* End XCConfigurationList section */
	};
	rootObject = 18EDF88C1D1A6735009C7CBE /* Project object */;
}
